// !$*UTF8*$!
{
	archiveVersion = 1;
	classes = {
	};
	objectVersion = 46;
	objects = {

/* Begin PBXBuildFile section */
		72E01C691EB554200038A2B9 /* main.cpp in Sources */ = {isa = PBXBuildFile; fileRef = 72E01C681EB554200038A2B9 /* main.cpp */; };
		72E9805D1F0AB33B006E1F9B /* test_sprintz.cpp in Sources */ = {isa = PBXBuildFile; fileRef = 72E9805C1F0AB33B006E1F9B /* test_sprintz.cpp */; };
/* End PBXBuildFile section */

/* Begin PBXCopyFilesBuildPhase section */
		72E01C631EB554200038A2B9 /* CopyFiles */ = {
			isa = PBXCopyFilesBuildPhase;
			buildActionMask = 2147483647;
			dstPath = /usr/share/man/man1/;
			dstSubfolderSpec = 0;
			files = (
			);
			runOnlyForDeploymentPostprocessing = 1;
		};
/* End PBXCopyFilesBuildPhase section */

/* Begin PBXFileReference section */
		72E01C651EB554200038A2B9 /* Compress */ = {isa = PBXFileReference; explicitFileType = "compiled.mach-o.executable"; includeInIndex = 0; path = Compress; sourceTree = BUILT_PRODUCTS_DIR; };
		72E01C681EB554200038A2B9 /* main.cpp */ = {isa = PBXFileReference; lastKnownFileType = sourcecode.cpp.cpp; path = main.cpp; sourceTree = "<group>"; };
		72E01C6F1EB554770038A2B9 /* signal.hpp */ = {isa = PBXFileReference; lastKnownFileType = sourcecode.cpp.h; path = signal.hpp; sourceTree = "<group>"; };
		72E980591F0AB132006E1F9B /* sprintz.h */ = {isa = PBXFileReference; lastKnownFileType = sourcecode.c.h; path = sprintz.h; sourceTree = "<group>"; };
		72E9805A1F0AB147006E1F9B /* debug_utils.hpp */ = {isa = PBXFileReference; lastKnownFileType = sourcecode.cpp.h; path = debug_utils.hpp; sourceTree = "<group>"; };
		72E9805B1F0AB147006E1F9B /* timing_utils.hpp */ = {isa = PBXFileReference; lastKnownFileType = sourcecode.cpp.h; path = timing_utils.hpp; sourceTree = "<group>"; };
		72E9805C1F0AB33B006E1F9B /* test_sprintz.cpp */ = {isa = PBXFileReference; fileEncoding = 4; lastKnownFileType = sourcecode.cpp.cpp; path = test_sprintz.cpp; sourceTree = "<group>"; };
		72E9805E1F0AB358006E1F9B /* catch.hpp */ = {isa = PBXFileReference; lastKnownFileType = sourcecode.cpp.h; path = catch.hpp; sourceTree = "<group>"; };
		72E980601F0ABD3A006E1F9B /* Cholesky */ = {isa = PBXFileReference; lastKnownFileType = text; path = Cholesky; sourceTree = "<group>"; };
		72E980611F0ABD3A006E1F9B /* CholmodSupport */ = {isa = PBXFileReference; lastKnownFileType = text; path = CholmodSupport; sourceTree = "<group>"; };
		72E980621F0ABD3A006E1F9B /* CMakeLists.txt */ = {isa = PBXFileReference; lastKnownFileType = text; path = CMakeLists.txt; sourceTree = "<group>"; };
		72E980631F0ABD3A006E1F9B /* Core */ = {isa = PBXFileReference; lastKnownFileType = text; path = Core; sourceTree = "<group>"; };
		72E980641F0ABD3A006E1F9B /* Dense */ = {isa = PBXFileReference; lastKnownFileType = text; path = Dense; sourceTree = "<group>"; };
		72E980651F0ABD3A006E1F9B /* Eigen */ = {isa = PBXFileReference; lastKnownFileType = text; path = Eigen; sourceTree = "<group>"; };
		72E980661F0ABD3A006E1F9B /* Eigenvalues */ = {isa = PBXFileReference; lastKnownFileType = text; path = Eigenvalues; sourceTree = "<group>"; };
		72E980671F0ABD3A006E1F9B /* Geometry */ = {isa = PBXFileReference; lastKnownFileType = text; path = Geometry; sourceTree = "<group>"; };
		72E980681F0ABD3A006E1F9B /* Householder */ = {isa = PBXFileReference; lastKnownFileType = text; path = Householder; sourceTree = "<group>"; };
		72E980691F0ABD3A006E1F9B /* IterativeLinearSolvers */ = {isa = PBXFileReference; lastKnownFileType = text; path = IterativeLinearSolvers; sourceTree = "<group>"; };
		72E9806A1F0ABD3A006E1F9B /* Jacobi */ = {isa = PBXFileReference; lastKnownFileType = text; path = Jacobi; sourceTree = "<group>"; };
		72E9806B1F0ABD3A006E1F9B /* LU */ = {isa = PBXFileReference; lastKnownFileType = text; path = LU; sourceTree = "<group>"; };
		72E9806C1F0ABD3A006E1F9B /* MetisSupport */ = {isa = PBXFileReference; lastKnownFileType = text; path = MetisSupport; sourceTree = "<group>"; };
		72E9806D1F0ABD3A006E1F9B /* OrderingMethods */ = {isa = PBXFileReference; lastKnownFileType = text; path = OrderingMethods; sourceTree = "<group>"; };
		72E9806E1F0ABD3A006E1F9B /* PardisoSupport */ = {isa = PBXFileReference; lastKnownFileType = text; path = PardisoSupport; sourceTree = "<group>"; };
		72E9806F1F0ABD3A006E1F9B /* PaStiXSupport */ = {isa = PBXFileReference; lastKnownFileType = text; path = PaStiXSupport; sourceTree = "<group>"; };
		72E980701F0ABD3A006E1F9B /* QR */ = {isa = PBXFileReference; lastKnownFileType = text; path = QR; sourceTree = "<group>"; };
		72E980711F0ABD3A006E1F9B /* QtAlignedMalloc */ = {isa = PBXFileReference; lastKnownFileType = text; path = QtAlignedMalloc; sourceTree = "<group>"; };
		72E980721F0ABD3A006E1F9B /* Sparse */ = {isa = PBXFileReference; lastKnownFileType = text; path = Sparse; sourceTree = "<group>"; };
		72E980731F0ABD3A006E1F9B /* SparseCholesky */ = {isa = PBXFileReference; lastKnownFileType = text; path = SparseCholesky; sourceTree = "<group>"; };
		72E980741F0ABD3A006E1F9B /* SparseCore */ = {isa = PBXFileReference; lastKnownFileType = text; path = SparseCore; sourceTree = "<group>"; };
		72E980751F0ABD3A006E1F9B /* SparseLU */ = {isa = PBXFileReference; lastKnownFileType = text; path = SparseLU; sourceTree = "<group>"; };
		72E980761F0ABD3A006E1F9B /* SparseQR */ = {isa = PBXFileReference; lastKnownFileType = text; path = SparseQR; sourceTree = "<group>"; };
		72E980771F0ABD3A006E1F9B /* SPQRSupport */ = {isa = PBXFileReference; lastKnownFileType = text; path = SPQRSupport; sourceTree = "<group>"; };
		72E9807A1F0ABD3A006E1F9B /* CMakeLists.txt */ = {isa = PBXFileReference; lastKnownFileType = text; path = CMakeLists.txt; sourceTree = "<group>"; };
		72E9807B1F0ABD3A006E1F9B /* LDLT.h */ = {isa = PBXFileReference; lastKnownFileType = sourcecode.c.h; path = LDLT.h; sourceTree = "<group>"; };
		72E9807C1F0ABD3A006E1F9B /* LLT.h */ = {isa = PBXFileReference; lastKnownFileType = sourcecode.c.h; path = LLT.h; sourceTree = "<group>"; };
		72E9807D1F0ABD3A006E1F9B /* LLT_MKL.h */ = {isa = PBXFileReference; lastKnownFileType = sourcecode.c.h; path = LLT_MKL.h; sourceTree = "<group>"; };
		72E9807F1F0ABD3A006E1F9B /* CholmodSupport.h */ = {isa = PBXFileReference; lastKnownFileType = sourcecode.c.h; path = CholmodSupport.h; sourceTree = "<group>"; };
		72E980801F0ABD3A006E1F9B /* CMakeLists.txt */ = {isa = PBXFileReference; lastKnownFileType = text; path = CMakeLists.txt; sourceTree = "<group>"; };
		72E980811F0ABD3A006E1F9B /* CMakeLists.txt */ = {isa = PBXFileReference; lastKnownFileType = text; path = CMakeLists.txt; sourceTree = "<group>"; };
		72E980851F0ABD3A006E1F9B /* CMakeLists.txt */ = {isa = PBXFileReference; lastKnownFileType = text; path = CMakeLists.txt; sourceTree = "<group>"; };
		72E980861F0ABD3A006E1F9B /* Complex.h */ = {isa = PBXFileReference; lastKnownFileType = sourcecode.c.h; path = Complex.h; sourceTree = "<group>"; };
		72E980871F0ABD3A006E1F9B /* MathFunctions.h */ = {isa = PBXFileReference; lastKnownFileType = sourcecode.c.h; path = MathFunctions.h; sourceTree = "<group>"; };
		72E980881F0ABD3A006E1F9B /* PacketMath.h */ = {isa = PBXFileReference; lastKnownFileType = sourcecode.c.h; path = PacketMath.h; sourceTree = "<group>"; };
		72E9808A1F0ABD3A006E1F9B /* CMakeLists.txt */ = {isa = PBXFileReference; lastKnownFileType = text; path = CMakeLists.txt; sourceTree = "<group>"; };
		72E9808B1F0ABD3A006E1F9B /* Complex.h */ = {isa = PBXFileReference; lastKnownFileType = sourcecode.c.h; path = Complex.h; sourceTree = "<group>"; };
		72E9808C1F0ABD3A006E1F9B /* MathFunctions.h */ = {isa = PBXFileReference; lastKnownFileType = sourcecode.c.h; path = MathFunctions.h; sourceTree = "<group>"; };
		72E9808D1F0ABD3A006E1F9B /* PacketMath.h */ = {isa = PBXFileReference; lastKnownFileType = sourcecode.c.h; path = PacketMath.h; sourceTree = "<group>"; };
		72E9808E1F0ABD3A006E1F9B /* TypeCasting.h */ = {isa = PBXFileReference; lastKnownFileType = sourcecode.c.h; path = TypeCasting.h; sourceTree = "<group>"; };
		72E9808F1F0ABD3A006E1F9B /* CMakeLists.txt */ = {isa = PBXFileReference; lastKnownFileType = text; path = CMakeLists.txt; sourceTree = "<group>"; };
		72E980911F0ABD3A006E1F9B /* CMakeLists.txt */ = {isa = PBXFileReference; lastKnownFileType = text; path = CMakeLists.txt; sourceTree = "<group>"; };
		72E980921F0ABD3A006E1F9B /* MathFunctions.h */ = {isa = PBXFileReference; lastKnownFileType = sourcecode.c.h; path = MathFunctions.h; sourceTree = "<group>"; };
		72E980931F0ABD3A006E1F9B /* PacketMath.h */ = {isa = PBXFileReference; lastKnownFileType = sourcecode.c.h; path = PacketMath.h; sourceTree = "<group>"; };
		72E980951F0ABD3A006E1F9B /* CMakeLists.txt */ = {isa = PBXFileReference; lastKnownFileType = text; path = CMakeLists.txt; sourceTree = "<group>"; };
		72E980961F0ABD3A006E1F9B /* Settings.h */ = {isa = PBXFileReference; lastKnownFileType = sourcecode.c.h; path = Settings.h; sourceTree = "<group>"; };
		72E980981F0ABD3A006E1F9B /* CMakeLists.txt */ = {isa = PBXFileReference; lastKnownFileType = text; path = CMakeLists.txt; sourceTree = "<group>"; };
		72E980991F0ABD3A006E1F9B /* Complex.h */ = {isa = PBXFileReference; lastKnownFileType = sourcecode.c.h; path = Complex.h; sourceTree = "<group>"; };
		72E9809A1F0ABD3A006E1F9B /* MathFunctions.h */ = {isa = PBXFileReference; lastKnownFileType = sourcecode.c.h; path = MathFunctions.h; sourceTree = "<group>"; };
		72E9809B1F0ABD3A006E1F9B /* PacketMath.h */ = {isa = PBXFileReference; lastKnownFileType = sourcecode.c.h; path = PacketMath.h; sourceTree = "<group>"; };
		72E9809D1F0ABD3A006E1F9B /* CMakeLists.txt */ = {isa = PBXFileReference; lastKnownFileType = text; path = CMakeLists.txt; sourceTree = "<group>"; };
		72E9809E1F0ABD3A006E1F9B /* Complex.h */ = {isa = PBXFileReference; lastKnownFileType = sourcecode.c.h; path = Complex.h; sourceTree = "<group>"; };
		72E9809F1F0ABD3A006E1F9B /* MathFunctions.h */ = {isa = PBXFileReference; lastKnownFileType = sourcecode.c.h; path = MathFunctions.h; sourceTree = "<group>"; };
		72E980A01F0ABD3A006E1F9B /* PacketMath.h */ = {isa = PBXFileReference; lastKnownFileType = sourcecode.c.h; path = PacketMath.h; sourceTree = "<group>"; };
		72E980A11F0ABD3A006E1F9B /* TypeCasting.h */ = {isa = PBXFileReference; lastKnownFileType = sourcecode.c.h; path = TypeCasting.h; sourceTree = "<group>"; };
		72E980A21F0ABD3A006E1F9B /* Array.h */ = {isa = PBXFileReference; lastKnownFileType = sourcecode.c.h; path = Array.h; sourceTree = "<group>"; };
		72E980A31F0ABD3A006E1F9B /* ArrayBase.h */ = {isa = PBXFileReference; lastKnownFileType = sourcecode.c.h; path = ArrayBase.h; sourceTree = "<group>"; };
		72E980A41F0ABD3A006E1F9B /* ArrayWrapper.h */ = {isa = PBXFileReference; lastKnownFileType = sourcecode.c.h; path = ArrayWrapper.h; sourceTree = "<group>"; };
		72E980A51F0ABD3A006E1F9B /* Assign.h */ = {isa = PBXFileReference; lastKnownFileType = sourcecode.c.h; path = Assign.h; sourceTree = "<group>"; };
		72E980A61F0ABD3A006E1F9B /* Assign_MKL.h */ = {isa = PBXFileReference; lastKnownFileType = sourcecode.c.h; path = Assign_MKL.h; sourceTree = "<group>"; };
		72E980A71F0ABD3A006E1F9B /* AssignEvaluator.h */ = {isa = PBXFileReference; lastKnownFileType = sourcecode.c.h; path = AssignEvaluator.h; sourceTree = "<group>"; };
		72E980A81F0ABD3A006E1F9B /* BandMatrix.h */ = {isa = PBXFileReference; lastKnownFileType = sourcecode.c.h; path = BandMatrix.h; sourceTree = "<group>"; };
		72E980A91F0ABD3A006E1F9B /* Block.h */ = {isa = PBXFileReference; lastKnownFileType = sourcecode.c.h; path = Block.h; sourceTree = "<group>"; };
		72E980AA1F0ABD3A006E1F9B /* BooleanRedux.h */ = {isa = PBXFileReference; lastKnownFileType = sourcecode.c.h; path = BooleanRedux.h; sourceTree = "<group>"; };
		72E980AB1F0ABD3A006E1F9B /* CMakeLists.txt */ = {isa = PBXFileReference; lastKnownFileType = text; path = CMakeLists.txt; sourceTree = "<group>"; };
		72E980AC1F0ABD3A006E1F9B /* CommaInitializer.h */ = {isa = PBXFileReference; lastKnownFileType = sourcecode.c.h; path = CommaInitializer.h; sourceTree = "<group>"; };
		72E980AD1F0ABD3A006E1F9B /* CoreEvaluators.h */ = {isa = PBXFileReference; lastKnownFileType = sourcecode.c.h; path = CoreEvaluators.h; sourceTree = "<group>"; };
		72E980AE1F0ABD3A006E1F9B /* CoreIterators.h */ = {isa = PBXFileReference; lastKnownFileType = sourcecode.c.h; path = CoreIterators.h; sourceTree = "<group>"; };
		72E980AF1F0ABD3A006E1F9B /* CwiseBinaryOp.h */ = {isa = PBXFileReference; lastKnownFileType = sourcecode.c.h; path = CwiseBinaryOp.h; sourceTree = "<group>"; };
		72E980B01F0ABD3A006E1F9B /* CwiseNullaryOp.h */ = {isa = PBXFileReference; lastKnownFileType = sourcecode.c.h; path = CwiseNullaryOp.h; sourceTree = "<group>"; };
		72E980B11F0ABD3A006E1F9B /* CwiseUnaryOp.h */ = {isa = PBXFileReference; lastKnownFileType = sourcecode.c.h; path = CwiseUnaryOp.h; sourceTree = "<group>"; };
		72E980B21F0ABD3A006E1F9B /* CwiseUnaryView.h */ = {isa = PBXFileReference; lastKnownFileType = sourcecode.c.h; path = CwiseUnaryView.h; sourceTree = "<group>"; };
		72E980B31F0ABD3A006E1F9B /* DenseBase.h */ = {isa = PBXFileReference; lastKnownFileType = sourcecode.c.h; path = DenseBase.h; sourceTree = "<group>"; };
		72E980B41F0ABD3A006E1F9B /* DenseCoeffsBase.h */ = {isa = PBXFileReference; lastKnownFileType = sourcecode.c.h; path = DenseCoeffsBase.h; sourceTree = "<group>"; };
		72E980B51F0ABD3A006E1F9B /* DenseStorage.h */ = {isa = PBXFileReference; lastKnownFileType = sourcecode.c.h; path = DenseStorage.h; sourceTree = "<group>"; };
		72E980B61F0ABD3A006E1F9B /* Diagonal.h */ = {isa = PBXFileReference; lastKnownFileType = sourcecode.c.h; path = Diagonal.h; sourceTree = "<group>"; };
		72E980B71F0ABD3A006E1F9B /* DiagonalMatrix.h */ = {isa = PBXFileReference; lastKnownFileType = sourcecode.c.h; path = DiagonalMatrix.h; sourceTree = "<group>"; };
		72E980B81F0ABD3A006E1F9B /* DiagonalProduct.h */ = {isa = PBXFileReference; lastKnownFileType = sourcecode.c.h; path = DiagonalProduct.h; sourceTree = "<group>"; };
		72E980B91F0ABD3A006E1F9B /* Dot.h */ = {isa = PBXFileReference; lastKnownFileType = sourcecode.c.h; path = Dot.h; sourceTree = "<group>"; };
		72E980BA1F0ABD3A006E1F9B /* EigenBase.h */ = {isa = PBXFileReference; lastKnownFileType = sourcecode.c.h; path = EigenBase.h; sourceTree = "<group>"; };
		72E980BB1F0ABD3A006E1F9B /* ForceAlignedAccess.h */ = {isa = PBXFileReference; lastKnownFileType = sourcecode.c.h; path = ForceAlignedAccess.h; sourceTree = "<group>"; };
		72E980BD1F0ABD3A006E1F9B /* AssignmentFunctors.h */ = {isa = PBXFileReference; lastKnownFileType = sourcecode.c.h; path = AssignmentFunctors.h; sourceTree = "<group>"; };
		72E980BE1F0ABD3A006E1F9B /* BinaryFunctors.h */ = {isa = PBXFileReference; lastKnownFileType = sourcecode.c.h; path = BinaryFunctors.h; sourceTree = "<group>"; };
		72E980BF1F0ABD3A006E1F9B /* CMakeLists.txt */ = {isa = PBXFileReference; lastKnownFileType = text; path = CMakeLists.txt; sourceTree = "<group>"; };
		72E980C01F0ABD3A006E1F9B /* NullaryFunctors.h */ = {isa = PBXFileReference; lastKnownFileType = sourcecode.c.h; path = NullaryFunctors.h; sourceTree = "<group>"; };
		72E980C11F0ABD3A006E1F9B /* StlFunctors.h */ = {isa = PBXFileReference; lastKnownFileType = sourcecode.c.h; path = StlFunctors.h; sourceTree = "<group>"; };
		72E980C21F0ABD3A006E1F9B /* UnaryFunctors.h */ = {isa = PBXFileReference; lastKnownFileType = sourcecode.c.h; path = UnaryFunctors.h; sourceTree = "<group>"; };
		72E980C31F0ABD3A006E1F9B /* Fuzzy.h */ = {isa = PBXFileReference; lastKnownFileType = sourcecode.c.h; path = Fuzzy.h; sourceTree = "<group>"; };
		72E980C41F0ABD3A006E1F9B /* GeneralProduct.h */ = {isa = PBXFileReference; lastKnownFileType = sourcecode.c.h; path = GeneralProduct.h; sourceTree = "<group>"; };
		72E980C51F0ABD3A006E1F9B /* GenericPacketMath.h */ = {isa = PBXFileReference; lastKnownFileType = sourcecode.c.h; path = GenericPacketMath.h; sourceTree = "<group>"; };
		72E980C61F0ABD3A006E1F9B /* GlobalFunctions.h */ = {isa = PBXFileReference; lastKnownFileType = sourcecode.c.h; path = GlobalFunctions.h; sourceTree = "<group>"; };
		72E980C71F0ABD3A006E1F9B /* Inverse.h */ = {isa = PBXFileReference; lastKnownFileType = sourcecode.c.h; path = Inverse.h; sourceTree = "<group>"; };
		72E980C81F0ABD3A006E1F9B /* IO.h */ = {isa = PBXFileReference; lastKnownFileType = sourcecode.c.h; path = IO.h; sourceTree = "<group>"; };
		72E980C91F0ABD3A006E1F9B /* Map.h */ = {isa = PBXFileReference; lastKnownFileType = sourcecode.c.h; path = Map.h; sourceTree = "<group>"; };
		72E980CA1F0ABD3A006E1F9B /* MapBase.h */ = {isa = PBXFileReference; lastKnownFileType = sourcecode.c.h; path = MapBase.h; sourceTree = "<group>"; };
		72E980CB1F0ABD3A006E1F9B /* MathFunctions.h */ = {isa = PBXFileReference; lastKnownFileType = sourcecode.c.h; path = MathFunctions.h; sourceTree = "<group>"; };
		72E980CC1F0ABD3A006E1F9B /* Matrix.h */ = {isa = PBXFileReference; lastKnownFileType = sourcecode.c.h; path = Matrix.h; sourceTree = "<group>"; };
		72E980CD1F0ABD3A006E1F9B /* MatrixBase.h */ = {isa = PBXFileReference; lastKnownFileType = sourcecode.c.h; path = MatrixBase.h; sourceTree = "<group>"; };
		72E980CE1F0ABD3A006E1F9B /* NestByValue.h */ = {isa = PBXFileReference; lastKnownFileType = sourcecode.c.h; path = NestByValue.h; sourceTree = "<group>"; };
		72E980CF1F0ABD3A006E1F9B /* NoAlias.h */ = {isa = PBXFileReference; lastKnownFileType = sourcecode.c.h; path = NoAlias.h; sourceTree = "<group>"; };
		72E980D01F0ABD3A006E1F9B /* NumTraits.h */ = {isa = PBXFileReference; lastKnownFileType = sourcecode.c.h; path = NumTraits.h; sourceTree = "<group>"; };
		72E980D11F0ABD3A006E1F9B /* PermutationMatrix.h */ = {isa = PBXFileReference; lastKnownFileType = sourcecode.c.h; path = PermutationMatrix.h; sourceTree = "<group>"; };
		72E980D21F0ABD3A006E1F9B /* PlainObjectBase.h */ = {isa = PBXFileReference; lastKnownFileType = sourcecode.c.h; path = PlainObjectBase.h; sourceTree = "<group>"; };
		72E980D31F0ABD3A006E1F9B /* Product.h */ = {isa = PBXFileReference; lastKnownFileType = sourcecode.c.h; path = Product.h; sourceTree = "<group>"; };
		72E980D41F0ABD3A006E1F9B /* ProductEvaluators.h */ = {isa = PBXFileReference; lastKnownFileType = sourcecode.c.h; path = ProductEvaluators.h; sourceTree = "<group>"; };
		72E980D61F0ABD3A006E1F9B /* CMakeLists.txt */ = {isa = PBXFileReference; lastKnownFileType = text; path = CMakeLists.txt; sourceTree = "<group>"; };
		72E980D71F0ABD3A006E1F9B /* GeneralBlockPanelKernel.h */ = {isa = PBXFileReference; lastKnownFileType = sourcecode.c.h; path = GeneralBlockPanelKernel.h; sourceTree = "<group>"; };
		72E980D81F0ABD3A006E1F9B /* GeneralMatrixMatrix.h */ = {isa = PBXFileReference; lastKnownFileType = sourcecode.c.h; path = GeneralMatrixMatrix.h; sourceTree = "<group>"; };
		72E980D91F0ABD3A006E1F9B /* GeneralMatrixMatrix_MKL.h */ = {isa = PBXFileReference; lastKnownFileType = sourcecode.c.h; path = GeneralMatrixMatrix_MKL.h; sourceTree = "<group>"; };
		72E980DA1F0ABD3A006E1F9B /* GeneralMatrixMatrixTriangular.h */ = {isa = PBXFileReference; lastKnownFileType = sourcecode.c.h; path = GeneralMatrixMatrixTriangular.h; sourceTree = "<group>"; };
		72E980DB1F0ABD3A006E1F9B /* GeneralMatrixMatrixTriangular_MKL.h */ = {isa = PBXFileReference; lastKnownFileType = sourcecode.c.h; path = GeneralMatrixMatrixTriangular_MKL.h; sourceTree = "<group>"; };
		72E980DC1F0ABD3A006E1F9B /* GeneralMatrixVector.h */ = {isa = PBXFileReference; lastKnownFileType = sourcecode.c.h; path = GeneralMatrixVector.h; sourceTree = "<group>"; };
		72E980DD1F0ABD3A006E1F9B /* GeneralMatrixVector_MKL.h */ = {isa = PBXFileReference; lastKnownFileType = sourcecode.c.h; path = GeneralMatrixVector_MKL.h; sourceTree = "<group>"; };
		72E980DE1F0ABD3A006E1F9B /* Parallelizer.h */ = {isa = PBXFileReference; lastKnownFileType = sourcecode.c.h; path = Parallelizer.h; sourceTree = "<group>"; };
		72E980DF1F0ABD3A006E1F9B /* SelfadjointMatrixMatrix.h */ = {isa = PBXFileReference; lastKnownFileType = sourcecode.c.h; path = SelfadjointMatrixMatrix.h; sourceTree = "<group>"; };
		72E980E01F0ABD3A006E1F9B /* SelfadjointMatrixMatrix_MKL.h */ = {isa = PBXFileReference; lastKnownFileType = sourcecode.c.h; path = SelfadjointMatrixMatrix_MKL.h; sourceTree = "<group>"; };
		72E980E11F0ABD3A006E1F9B /* SelfadjointMatrixVector.h */ = {isa = PBXFileReference; lastKnownFileType = sourcecode.c.h; path = SelfadjointMatrixVector.h; sourceTree = "<group>"; };
		72E980E21F0ABD3A006E1F9B /* SelfadjointMatrixVector_MKL.h */ = {isa = PBXFileReference; lastKnownFileType = sourcecode.c.h; path = SelfadjointMatrixVector_MKL.h; sourceTree = "<group>"; };
		72E980E31F0ABD3A006E1F9B /* SelfadjointProduct.h */ = {isa = PBXFileReference; lastKnownFileType = sourcecode.c.h; path = SelfadjointProduct.h; sourceTree = "<group>"; };
		72E980E41F0ABD3A006E1F9B /* SelfadjointRank2Update.h */ = {isa = PBXFileReference; lastKnownFileType = sourcecode.c.h; path = SelfadjointRank2Update.h; sourceTree = "<group>"; };
		72E980E51F0ABD3A006E1F9B /* TriangularMatrixMatrix.h */ = {isa = PBXFileReference; lastKnownFileType = sourcecode.c.h; path = TriangularMatrixMatrix.h; sourceTree = "<group>"; };
		72E980E61F0ABD3A006E1F9B /* TriangularMatrixMatrix_MKL.h */ = {isa = PBXFileReference; lastKnownFileType = sourcecode.c.h; path = TriangularMatrixMatrix_MKL.h; sourceTree = "<group>"; };
		72E980E71F0ABD3A006E1F9B /* TriangularMatrixVector.h */ = {isa = PBXFileReference; lastKnownFileType = sourcecode.c.h; path = TriangularMatrixVector.h; sourceTree = "<group>"; };
		72E980E81F0ABD3A006E1F9B /* TriangularMatrixVector_MKL.h */ = {isa = PBXFileReference; lastKnownFileType = sourcecode.c.h; path = TriangularMatrixVector_MKL.h; sourceTree = "<group>"; };
		72E980E91F0ABD3A006E1F9B /* TriangularSolverMatrix.h */ = {isa = PBXFileReference; lastKnownFileType = sourcecode.c.h; path = TriangularSolverMatrix.h; sourceTree = "<group>"; };
		72E980EA1F0ABD3A006E1F9B /* TriangularSolverMatrix_MKL.h */ = {isa = PBXFileReference; lastKnownFileType = sourcecode.c.h; path = TriangularSolverMatrix_MKL.h; sourceTree = "<group>"; };
		72E980EB1F0ABD3A006E1F9B /* TriangularSolverVector.h */ = {isa = PBXFileReference; lastKnownFileType = sourcecode.c.h; path = TriangularSolverVector.h; sourceTree = "<group>"; };
		72E980EC1F0ABD3A006E1F9B /* Random.h */ = {isa = PBXFileReference; lastKnownFileType = sourcecode.c.h; path = Random.h; sourceTree = "<group>"; };
		72E980ED1F0ABD3A006E1F9B /* Redux.h */ = {isa = PBXFileReference; lastKnownFileType = sourcecode.c.h; path = Redux.h; sourceTree = "<group>"; };
		72E980EE1F0ABD3A006E1F9B /* Ref.h */ = {isa = PBXFileReference; lastKnownFileType = sourcecode.c.h; path = Ref.h; sourceTree = "<group>"; };
		72E980EF1F0ABD3A006E1F9B /* Replicate.h */ = {isa = PBXFileReference; lastKnownFileType = sourcecode.c.h; path = Replicate.h; sourceTree = "<group>"; };
		72E980F01F0ABD3A006E1F9B /* ReturnByValue.h */ = {isa = PBXFileReference; lastKnownFileType = sourcecode.c.h; path = ReturnByValue.h; sourceTree = "<group>"; };
		72E980F11F0ABD3A006E1F9B /* Reverse.h */ = {isa = PBXFileReference; lastKnownFileType = sourcecode.c.h; path = Reverse.h; sourceTree = "<group>"; };
		72E980F21F0ABD3A006E1F9B /* Select.h */ = {isa = PBXFileReference; lastKnownFileType = sourcecode.c.h; path = Select.h; sourceTree = "<group>"; };
		72E980F31F0ABD3A006E1F9B /* SelfAdjointView.h */ = {isa = PBXFileReference; lastKnownFileType = sourcecode.c.h; path = SelfAdjointView.h; sourceTree = "<group>"; };
		72E980F41F0ABD3A006E1F9B /* SelfCwiseBinaryOp.h */ = {isa = PBXFileReference; lastKnownFileType = sourcecode.c.h; path = SelfCwiseBinaryOp.h; sourceTree = "<group>"; };
		72E980F51F0ABD3A006E1F9B /* Solve.h */ = {isa = PBXFileReference; lastKnownFileType = sourcecode.c.h; path = Solve.h; sourceTree = "<group>"; };
		72E980F61F0ABD3A006E1F9B /* SolverBase.h */ = {isa = PBXFileReference; lastKnownFileType = sourcecode.c.h; path = SolverBase.h; sourceTree = "<group>"; };
		72E980F71F0ABD3A006E1F9B /* SolveTriangular.h */ = {isa = PBXFileReference; lastKnownFileType = sourcecode.c.h; path = SolveTriangular.h; sourceTree = "<group>"; };
		72E980F81F0ABD3A006E1F9B /* SpecialFunctions.h */ = {isa = PBXFileReference; lastKnownFileType = sourcecode.c.h; path = SpecialFunctions.h; sourceTree = "<group>"; };
		72E980F91F0ABD3A006E1F9B /* StableNorm.h */ = {isa = PBXFileReference; lastKnownFileType = sourcecode.c.h; path = StableNorm.h; sourceTree = "<group>"; };
		72E980FA1F0ABD3A006E1F9B /* Stride.h */ = {isa = PBXFileReference; lastKnownFileType = sourcecode.c.h; path = Stride.h; sourceTree = "<group>"; };
		72E980FB1F0ABD3A006E1F9B /* Swap.h */ = {isa = PBXFileReference; lastKnownFileType = sourcecode.c.h; path = Swap.h; sourceTree = "<group>"; };
		72E980FC1F0ABD3A006E1F9B /* Transpose.h */ = {isa = PBXFileReference; lastKnownFileType = sourcecode.c.h; path = Transpose.h; sourceTree = "<group>"; };
		72E980FD1F0ABD3A006E1F9B /* Transpositions.h */ = {isa = PBXFileReference; lastKnownFileType = sourcecode.c.h; path = Transpositions.h; sourceTree = "<group>"; };
		72E980FE1F0ABD3A006E1F9B /* TriangularMatrix.h */ = {isa = PBXFileReference; lastKnownFileType = sourcecode.c.h; path = TriangularMatrix.h; sourceTree = "<group>"; };
		72E981001F0ABD3A006E1F9B /* BlasUtil.h */ = {isa = PBXFileReference; lastKnownFileType = sourcecode.c.h; path = BlasUtil.h; sourceTree = "<group>"; };
		72E981011F0ABD3A006E1F9B /* CMakeLists.txt */ = {isa = PBXFileReference; lastKnownFileType = text; path = CMakeLists.txt; sourceTree = "<group>"; };
		72E981021F0ABD3A006E1F9B /* Constants.h */ = {isa = PBXFileReference; lastKnownFileType = sourcecode.c.h; path = Constants.h; sourceTree = "<group>"; };
		72E981031F0ABD3A006E1F9B /* DisableStupidWarnings.h */ = {isa = PBXFileReference; lastKnownFileType = sourcecode.c.h; path = DisableStupidWarnings.h; sourceTree = "<group>"; };
		72E981041F0ABD3A006E1F9B /* ForwardDeclarations.h */ = {isa = PBXFileReference; lastKnownFileType = sourcecode.c.h; path = ForwardDeclarations.h; sourceTree = "<group>"; };
		72E981051F0ABD3A006E1F9B /* Macros.h */ = {isa = PBXFileReference; lastKnownFileType = sourcecode.c.h; path = Macros.h; sourceTree = "<group>"; };
		72E981061F0ABD3A006E1F9B /* Memory.h */ = {isa = PBXFileReference; lastKnownFileType = sourcecode.c.h; path = Memory.h; sourceTree = "<group>"; };
		72E981071F0ABD3A006E1F9B /* Meta.h */ = {isa = PBXFileReference; lastKnownFileType = sourcecode.c.h; path = Meta.h; sourceTree = "<group>"; };
		72E981081F0ABD3A006E1F9B /* MKL_support.h */ = {isa = PBXFileReference; lastKnownFileType = sourcecode.c.h; path = MKL_support.h; sourceTree = "<group>"; };
		72E981091F0ABD3A006E1F9B /* NonMPL2.h */ = {isa = PBXFileReference; lastKnownFileType = sourcecode.c.h; path = NonMPL2.h; sourceTree = "<group>"; };
		72E9810A1F0ABD3A006E1F9B /* ReenableStupidWarnings.h */ = {isa = PBXFileReference; lastKnownFileType = sourcecode.c.h; path = ReenableStupidWarnings.h; sourceTree = "<group>"; };
		72E9810B1F0ABD3A006E1F9B /* StaticAssert.h */ = {isa = PBXFileReference; lastKnownFileType = sourcecode.c.h; path = StaticAssert.h; sourceTree = "<group>"; };
		72E9810C1F0ABD3A006E1F9B /* XprHelper.h */ = {isa = PBXFileReference; lastKnownFileType = sourcecode.c.h; path = XprHelper.h; sourceTree = "<group>"; };
		72E9810D1F0ABD3A006E1F9B /* VectorBlock.h */ = {isa = PBXFileReference; lastKnownFileType = sourcecode.c.h; path = VectorBlock.h; sourceTree = "<group>"; };
		72E9810E1F0ABD3A006E1F9B /* VectorwiseOp.h */ = {isa = PBXFileReference; lastKnownFileType = sourcecode.c.h; path = VectorwiseOp.h; sourceTree = "<group>"; };
		72E9810F1F0ABD3A006E1F9B /* Visitor.h */ = {isa = PBXFileReference; lastKnownFileType = sourcecode.c.h; path = Visitor.h; sourceTree = "<group>"; };
		72E981111F0ABD3A006E1F9B /* CMakeLists.txt */ = {isa = PBXFileReference; lastKnownFileType = text; path = CMakeLists.txt; sourceTree = "<group>"; };
		72E981121F0ABD3A006E1F9B /* ComplexEigenSolver.h */ = {isa = PBXFileReference; lastKnownFileType = sourcecode.c.h; path = ComplexEigenSolver.h; sourceTree = "<group>"; };
		72E981131F0ABD3A006E1F9B /* ComplexSchur.h */ = {isa = PBXFileReference; lastKnownFileType = sourcecode.c.h; path = ComplexSchur.h; sourceTree = "<group>"; };
		72E981141F0ABD3A006E1F9B /* ComplexSchur_MKL.h */ = {isa = PBXFileReference; lastKnownFileType = sourcecode.c.h; path = ComplexSchur_MKL.h; sourceTree = "<group>"; };
		72E981151F0ABD3A006E1F9B /* EigenSolver.h */ = {isa = PBXFileReference; lastKnownFileType = sourcecode.c.h; path = EigenSolver.h; sourceTree = "<group>"; };
		72E981161F0ABD3A006E1F9B /* GeneralizedEigenSolver.h */ = {isa = PBXFileReference; lastKnownFileType = sourcecode.c.h; path = GeneralizedEigenSolver.h; sourceTree = "<group>"; };
		72E981171F0ABD3A006E1F9B /* GeneralizedSelfAdjointEigenSolver.h */ = {isa = PBXFileReference; lastKnownFileType = sourcecode.c.h; path = GeneralizedSelfAdjointEigenSolver.h; sourceTree = "<group>"; };
		72E981181F0ABD3A006E1F9B /* HessenbergDecomposition.h */ = {isa = PBXFileReference; lastKnownFileType = sourcecode.c.h; path = HessenbergDecomposition.h; sourceTree = "<group>"; };
		72E981191F0ABD3A006E1F9B /* MatrixBaseEigenvalues.h */ = {isa = PBXFileReference; lastKnownFileType = sourcecode.c.h; path = MatrixBaseEigenvalues.h; sourceTree = "<group>"; };
		72E9811A1F0ABD3A006E1F9B /* RealQZ.h */ = {isa = PBXFileReference; lastKnownFileType = sourcecode.c.h; path = RealQZ.h; sourceTree = "<group>"; };
		72E9811B1F0ABD3A006E1F9B /* RealSchur.h */ = {isa = PBXFileReference; lastKnownFileType = sourcecode.c.h; path = RealSchur.h; sourceTree = "<group>"; };
		72E9811C1F0ABD3A006E1F9B /* RealSchur_MKL.h */ = {isa = PBXFileReference; lastKnownFileType = sourcecode.c.h; path = RealSchur_MKL.h; sourceTree = "<group>"; };
		72E9811D1F0ABD3A006E1F9B /* SelfAdjointEigenSolver.h */ = {isa = PBXFileReference; lastKnownFileType = sourcecode.c.h; path = SelfAdjointEigenSolver.h; sourceTree = "<group>"; };
		72E9811E1F0ABD3A006E1F9B /* SelfAdjointEigenSolver_MKL.h */ = {isa = PBXFileReference; lastKnownFileType = sourcecode.c.h; path = SelfAdjointEigenSolver_MKL.h; sourceTree = "<group>"; };
		72E9811F1F0ABD3A006E1F9B /* Tridiagonalization.h */ = {isa = PBXFileReference; lastKnownFileType = sourcecode.c.h; path = Tridiagonalization.h; sourceTree = "<group>"; };
		72E981211F0ABD3A006E1F9B /* AlignedBox.h */ = {isa = PBXFileReference; lastKnownFileType = sourcecode.c.h; path = AlignedBox.h; sourceTree = "<group>"; };
		72E981221F0ABD3A006E1F9B /* AngleAxis.h */ = {isa = PBXFileReference; lastKnownFileType = sourcecode.c.h; path = AngleAxis.h; sourceTree = "<group>"; };
		72E981241F0ABD3A006E1F9B /* CMakeLists.txt */ = {isa = PBXFileReference; lastKnownFileType = text; path = CMakeLists.txt; sourceTree = "<group>"; };
		72E981251F0ABD3A006E1F9B /* Geometry_SSE.h */ = {isa = PBXFileReference; lastKnownFileType = sourcecode.c.h; path = Geometry_SSE.h; sourceTree = "<group>"; };
		72E981261F0ABD3A006E1F9B /* CMakeLists.txt */ = {isa = PBXFileReference; lastKnownFileType = text; path = CMakeLists.txt; sourceTree = "<group>"; };
		72E981271F0ABD3A006E1F9B /* EulerAngles.h */ = {isa = PBXFileReference; lastKnownFileType = sourcecode.c.h; path = EulerAngles.h; sourceTree = "<group>"; };
		72E981281F0ABD3A006E1F9B /* Homogeneous.h */ = {isa = PBXFileReference; lastKnownFileType = sourcecode.c.h; path = Homogeneous.h; sourceTree = "<group>"; };
		72E981291F0ABD3A006E1F9B /* Hyperplane.h */ = {isa = PBXFileReference; lastKnownFileType = sourcecode.c.h; path = Hyperplane.h; sourceTree = "<group>"; };
		72E9812A1F0ABD3A006E1F9B /* OrthoMethods.h */ = {isa = PBXFileReference; lastKnownFileType = sourcecode.c.h; path = OrthoMethods.h; sourceTree = "<group>"; };
		72E9812B1F0ABD3A006E1F9B /* ParametrizedLine.h */ = {isa = PBXFileReference; lastKnownFileType = sourcecode.c.h; path = ParametrizedLine.h; sourceTree = "<group>"; };
		72E9812C1F0ABD3A006E1F9B /* Quaternion.h */ = {isa = PBXFileReference; lastKnownFileType = sourcecode.c.h; path = Quaternion.h; sourceTree = "<group>"; };
		72E9812D1F0ABD3A006E1F9B /* Rotation2D.h */ = {isa = PBXFileReference; lastKnownFileType = sourcecode.c.h; path = Rotation2D.h; sourceTree = "<group>"; };
		72E9812E1F0ABD3A006E1F9B /* RotationBase.h */ = {isa = PBXFileReference; lastKnownFileType = sourcecode.c.h; path = RotationBase.h; sourceTree = "<group>"; };
		72E9812F1F0ABD3A006E1F9B /* Scaling.h */ = {isa = PBXFileReference; lastKnownFileType = sourcecode.c.h; path = Scaling.h; sourceTree = "<group>"; };
		72E981301F0ABD3A006E1F9B /* Transform.h */ = {isa = PBXFileReference; lastKnownFileType = sourcecode.c.h; path = Transform.h; sourceTree = "<group>"; };
		72E981311F0ABD3A006E1F9B /* Translation.h */ = {isa = PBXFileReference; lastKnownFileType = sourcecode.c.h; path = Translation.h; sourceTree = "<group>"; };
		72E981321F0ABD3A006E1F9B /* Umeyama.h */ = {isa = PBXFileReference; lastKnownFileType = sourcecode.c.h; path = Umeyama.h; sourceTree = "<group>"; };
		72E981341F0ABD3A006E1F9B /* BlockHouseholder.h */ = {isa = PBXFileReference; lastKnownFileType = sourcecode.c.h; path = BlockHouseholder.h; sourceTree = "<group>"; };
		72E981351F0ABD3A006E1F9B /* CMakeLists.txt */ = {isa = PBXFileReference; lastKnownFileType = text; path = CMakeLists.txt; sourceTree = "<group>"; };
		72E981361F0ABD3A006E1F9B /* Householder.h */ = {isa = PBXFileReference; lastKnownFileType = sourcecode.c.h; path = Householder.h; sourceTree = "<group>"; };
		72E981371F0ABD3A006E1F9B /* HouseholderSequence.h */ = {isa = PBXFileReference; lastKnownFileType = sourcecode.c.h; path = HouseholderSequence.h; sourceTree = "<group>"; };
		72E981391F0ABD3A006E1F9B /* BasicPreconditioners.h */ = {isa = PBXFileReference; lastKnownFileType = sourcecode.c.h; path = BasicPreconditioners.h; sourceTree = "<group>"; };
		72E9813A1F0ABD3A006E1F9B /* BiCGSTAB.h */ = {isa = PBXFileReference; lastKnownFileType = sourcecode.c.h; path = BiCGSTAB.h; sourceTree = "<group>"; };
		72E9813B1F0ABD3A006E1F9B /* CMakeLists.txt */ = {isa = PBXFileReference; lastKnownFileType = text; path = CMakeLists.txt; sourceTree = "<group>"; };
		72E9813C1F0ABD3A006E1F9B /* ConjugateGradient.h */ = {isa = PBXFileReference; lastKnownFileType = sourcecode.c.h; path = ConjugateGradient.h; sourceTree = "<group>"; };
		72E9813D1F0ABD3A006E1F9B /* IncompleteCholesky.h */ = {isa = PBXFileReference; lastKnownFileType = sourcecode.c.h; path = IncompleteCholesky.h; sourceTree = "<group>"; };
		72E9813E1F0ABD3A006E1F9B /* IncompleteLUT.h */ = {isa = PBXFileReference; lastKnownFileType = sourcecode.c.h; path = IncompleteLUT.h; sourceTree = "<group>"; };
		72E9813F1F0ABD3A006E1F9B /* IterativeSolverBase.h */ = {isa = PBXFileReference; lastKnownFileType = sourcecode.c.h; path = IterativeSolverBase.h; sourceTree = "<group>"; };
		72E981401F0ABD3A006E1F9B /* LeastSquareConjugateGradient.h */ = {isa = PBXFileReference; lastKnownFileType = sourcecode.c.h; path = LeastSquareConjugateGradient.h; sourceTree = "<group>"; };
		72E981411F0ABD3A006E1F9B /* SolveWithGuess.h */ = {isa = PBXFileReference; lastKnownFileType = sourcecode.c.h; path = SolveWithGuess.h; sourceTree = "<group>"; };
		72E981431F0ABD3A006E1F9B /* CMakeLists.txt */ = {isa = PBXFileReference; lastKnownFileType = text; path = CMakeLists.txt; sourceTree = "<group>"; };
		72E981441F0ABD3A006E1F9B /* Jacobi.h */ = {isa = PBXFileReference; lastKnownFileType = sourcecode.c.h; path = Jacobi.h; sourceTree = "<group>"; };
		72E981471F0ABD3A006E1F9B /* CMakeLists.txt */ = {isa = PBXFileReference; lastKnownFileType = text; path = CMakeLists.txt; sourceTree = "<group>"; };
		72E981481F0ABD3A006E1F9B /* Inverse_SSE.h */ = {isa = PBXFileReference; lastKnownFileType = sourcecode.c.h; path = Inverse_SSE.h; sourceTree = "<group>"; };
		72E981491F0ABD3A006E1F9B /* CMakeLists.txt */ = {isa = PBXFileReference; lastKnownFileType = text; path = CMakeLists.txt; sourceTree = "<group>"; };
		72E9814A1F0ABD3A006E1F9B /* Determinant.h */ = {isa = PBXFileReference; lastKnownFileType = sourcecode.c.h; path = Determinant.h; sourceTree = "<group>"; };
		72E9814B1F0ABD3A006E1F9B /* FullPivLU.h */ = {isa = PBXFileReference; lastKnownFileType = sourcecode.c.h; path = FullPivLU.h; sourceTree = "<group>"; };
		72E9814C1F0ABD3A006E1F9B /* InverseImpl.h */ = {isa = PBXFileReference; lastKnownFileType = sourcecode.c.h; path = InverseImpl.h; sourceTree = "<group>"; };
		72E9814D1F0ABD3A006E1F9B /* PartialPivLU.h */ = {isa = PBXFileReference; lastKnownFileType = sourcecode.c.h; path = PartialPivLU.h; sourceTree = "<group>"; };
		72E9814E1F0ABD3A006E1F9B /* PartialPivLU_MKL.h */ = {isa = PBXFileReference; lastKnownFileType = sourcecode.c.h; path = PartialPivLU_MKL.h; sourceTree = "<group>"; };
		72E981501F0ABD3A006E1F9B /* CMakeLists.txt */ = {isa = PBXFileReference; lastKnownFileType = text; path = CMakeLists.txt; sourceTree = "<group>"; };
		72E981511F0ABD3A006E1F9B /* MetisSupport.h */ = {isa = PBXFileReference; lastKnownFileType = sourcecode.c.h; path = MetisSupport.h; sourceTree = "<group>"; };
		72E981531F0ABD3A006E1F9B /* blas.h */ = {isa = PBXFileReference; lastKnownFileType = sourcecode.c.h; path = blas.h; sourceTree = "<group>"; };
		72E981541F0ABD3A006E1F9B /* CMakeLists.txt */ = {isa = PBXFileReference; lastKnownFileType = text; path = CMakeLists.txt; sourceTree = "<group>"; };
		72E981551F0ABD3A006E1F9B /* Image.h */ = {isa = PBXFileReference; lastKnownFileType = sourcecode.c.h; path = Image.h; sourceTree = "<group>"; };
		72E981561F0ABD3A006E1F9B /* Kernel.h */ = {isa = PBXFileReference; lastKnownFileType = sourcecode.c.h; path = Kernel.h; sourceTree = "<group>"; };
		72E981581F0ABD3A006E1F9B /* Amd.h */ = {isa = PBXFileReference; lastKnownFileType = sourcecode.c.h; path = Amd.h; sourceTree = "<group>"; };
		72E981591F0ABD3A006E1F9B /* CMakeLists.txt */ = {isa = PBXFileReference; lastKnownFileType = text; path = CMakeLists.txt; sourceTree = "<group>"; };
		72E9815A1F0ABD3A006E1F9B /* Eigen_Colamd.h */ = {isa = PBXFileReference; lastKnownFileType = sourcecode.c.h; path = Eigen_Colamd.h; sourceTree = "<group>"; };
		72E9815B1F0ABD3A006E1F9B /* Ordering.h */ = {isa = PBXFileReference; lastKnownFileType = sourcecode.c.h; path = Ordering.h; sourceTree = "<group>"; };
		72E9815D1F0ABD3A006E1F9B /* CMakeLists.txt */ = {isa = PBXFileReference; lastKnownFileType = text; path = CMakeLists.txt; sourceTree = "<group>"; };
		72E9815E1F0ABD3A006E1F9B /* PardisoSupport.h */ = {isa = PBXFileReference; lastKnownFileType = sourcecode.c.h; path = PardisoSupport.h; sourceTree = "<group>"; };
		72E981601F0ABD3A006E1F9B /* CMakeLists.txt */ = {isa = PBXFileReference; lastKnownFileType = text; path = CMakeLists.txt; sourceTree = "<group>"; };
		72E981611F0ABD3A006E1F9B /* PaStiXSupport.h */ = {isa = PBXFileReference; lastKnownFileType = sourcecode.c.h; path = PaStiXSupport.h; sourceTree = "<group>"; };
		72E981631F0ABD3A006E1F9B /* ArrayCwiseBinaryOps.h */ = {isa = PBXFileReference; lastKnownFileType = sourcecode.c.h; path = ArrayCwiseBinaryOps.h; sourceTree = "<group>"; };
		72E981641F0ABD3A006E1F9B /* ArrayCwiseUnaryOps.h */ = {isa = PBXFileReference; lastKnownFileType = sourcecode.c.h; path = ArrayCwiseUnaryOps.h; sourceTree = "<group>"; };
		72E981651F0ABD3A006E1F9B /* BlockMethods.h */ = {isa = PBXFileReference; lastKnownFileType = sourcecode.c.h; path = BlockMethods.h; sourceTree = "<group>"; };
		72E981661F0ABD3A006E1F9B /* CMakeLists.txt */ = {isa = PBXFileReference; lastKnownFileType = text; path = CMakeLists.txt; sourceTree = "<group>"; };
		72E981671F0ABD3A006E1F9B /* CommonCwiseBinaryOps.h */ = {isa = PBXFileReference; lastKnownFileType = sourcecode.c.h; path = CommonCwiseBinaryOps.h; sourceTree = "<group>"; };
		72E981681F0ABD3A006E1F9B /* CommonCwiseUnaryOps.h */ = {isa = PBXFileReference; lastKnownFileType = sourcecode.c.h; path = CommonCwiseUnaryOps.h; sourceTree = "<group>"; };
		72E981691F0ABD3A006E1F9B /* MatrixCwiseBinaryOps.h */ = {isa = PBXFileReference; lastKnownFileType = sourcecode.c.h; path = MatrixCwiseBinaryOps.h; sourceTree = "<group>"; };
		72E9816A1F0ABD3A006E1F9B /* MatrixCwiseUnaryOps.h */ = {isa = PBXFileReference; lastKnownFileType = sourcecode.c.h; path = MatrixCwiseUnaryOps.h; sourceTree = "<group>"; };
		72E9816C1F0ABD3A006E1F9B /* CMakeLists.txt */ = {isa = PBXFileReference; lastKnownFileType = text; path = CMakeLists.txt; sourceTree = "<group>"; };
		72E9816D1F0ABD3A006E1F9B /* ColPivHouseholderQR.h */ = {isa = PBXFileReference; lastKnownFileType = sourcecode.c.h; path = ColPivHouseholderQR.h; sourceTree = "<group>"; };
		72E9816E1F0ABD3A006E1F9B /* ColPivHouseholderQR_MKL.h */ = {isa = PBXFileReference; lastKnownFileType = sourcecode.c.h; path = ColPivHouseholderQR_MKL.h; sourceTree = "<group>"; };
		72E9816F1F0ABD3A006E1F9B /* FullPivHouseholderQR.h */ = {isa = PBXFileReference; lastKnownFileType = sourcecode.c.h; path = FullPivHouseholderQR.h; sourceTree = "<group>"; };
		72E981701F0ABD3A006E1F9B /* HouseholderQR.h */ = {isa = PBXFileReference; lastKnownFileType = sourcecode.c.h; path = HouseholderQR.h; sourceTree = "<group>"; };
		72E981711F0ABD3A006E1F9B /* HouseholderQR_MKL.h */ = {isa = PBXFileReference; lastKnownFileType = sourcecode.c.h; path = HouseholderQR_MKL.h; sourceTree = "<group>"; };
		72E981731F0ABD3A006E1F9B /* CMakeLists.txt */ = {isa = PBXFileReference; lastKnownFileType = text; path = CMakeLists.txt; sourceTree = "<group>"; };
		72E981741F0ABD3A006E1F9B /* SimplicialCholesky.h */ = {isa = PBXFileReference; lastKnownFileType = sourcecode.c.h; path = SimplicialCholesky.h; sourceTree = "<group>"; };
		72E981751F0ABD3A006E1F9B /* SimplicialCholesky_impl.h */ = {isa = PBXFileReference; lastKnownFileType = sourcecode.c.h; path = SimplicialCholesky_impl.h; sourceTree = "<group>"; };
		72E981771F0ABD3A006E1F9B /* AmbiVector.h */ = {isa = PBXFileReference; lastKnownFileType = sourcecode.c.h; path = AmbiVector.h; sourceTree = "<group>"; };
		72E981781F0ABD3A006E1F9B /* CMakeLists.txt */ = {isa = PBXFileReference; lastKnownFileType = text; path = CMakeLists.txt; sourceTree = "<group>"; };
		72E981791F0ABD3A006E1F9B /* CompressedStorage.h */ = {isa = PBXFileReference; lastKnownFileType = sourcecode.c.h; path = CompressedStorage.h; sourceTree = "<group>"; };
		72E9817A1F0ABD3A006E1F9B /* ConservativeSparseSparseProduct.h */ = {isa = PBXFileReference; lastKnownFileType = sourcecode.c.h; path = ConservativeSparseSparseProduct.h; sourceTree = "<group>"; };
		72E9817B1F0ABD3A006E1F9B /* MappedSparseMatrix.h */ = {isa = PBXFileReference; lastKnownFileType = sourcecode.c.h; path = MappedSparseMatrix.h; sourceTree = "<group>"; };
		72E9817C1F0ABD3A006E1F9B /* SparseAssign.h */ = {isa = PBXFileReference; lastKnownFileType = sourcecode.c.h; path = SparseAssign.h; sourceTree = "<group>"; };
		72E9817D1F0ABD3A006E1F9B /* SparseBlock.h */ = {isa = PBXFileReference; lastKnownFileType = sourcecode.c.h; path = SparseBlock.h; sourceTree = "<group>"; };
		72E9817E1F0ABD3A006E1F9B /* SparseColEtree.h */ = {isa = PBXFileReference; lastKnownFileType = sourcecode.c.h; path = SparseColEtree.h; sourceTree = "<group>"; };
		72E9817F1F0ABD3A006E1F9B /* SparseCompressedBase.h */ = {isa = PBXFileReference; lastKnownFileType = sourcecode.c.h; path = SparseCompressedBase.h; sourceTree = "<group>"; };
		72E981801F0ABD3A006E1F9B /* SparseCwiseBinaryOp.h */ = {isa = PBXFileReference; lastKnownFileType = sourcecode.c.h; path = SparseCwiseBinaryOp.h; sourceTree = "<group>"; };
		72E981811F0ABD3A006E1F9B /* SparseCwiseUnaryOp.h */ = {isa = PBXFileReference; lastKnownFileType = sourcecode.c.h; path = SparseCwiseUnaryOp.h; sourceTree = "<group>"; };
		72E981821F0ABD3A006E1F9B /* SparseDenseProduct.h */ = {isa = PBXFileReference; lastKnownFileType = sourcecode.c.h; path = SparseDenseProduct.h; sourceTree = "<group>"; };
		72E981831F0ABD3A006E1F9B /* SparseDiagonalProduct.h */ = {isa = PBXFileReference; lastKnownFileType = sourcecode.c.h; path = SparseDiagonalProduct.h; sourceTree = "<group>"; };
		72E981841F0ABD3A006E1F9B /* SparseDot.h */ = {isa = PBXFileReference; lastKnownFileType = sourcecode.c.h; path = SparseDot.h; sourceTree = "<group>"; };
		72E981851F0ABD3A006E1F9B /* SparseFuzzy.h */ = {isa = PBXFileReference; lastKnownFileType = sourcecode.c.h; path = SparseFuzzy.h; sourceTree = "<group>"; };
		72E981861F0ABD3A006E1F9B /* SparseMap.h */ = {isa = PBXFileReference; lastKnownFileType = sourcecode.c.h; path = SparseMap.h; sourceTree = "<group>"; };
		72E981871F0ABD3A006E1F9B /* SparseMatrix.h */ = {isa = PBXFileReference; lastKnownFileType = sourcecode.c.h; path = SparseMatrix.h; sourceTree = "<group>"; };
		72E981881F0ABD3A006E1F9B /* SparseMatrixBase.h */ = {isa = PBXFileReference; lastKnownFileType = sourcecode.c.h; path = SparseMatrixBase.h; sourceTree = "<group>"; };
		72E981891F0ABD3A006E1F9B /* SparsePermutation.h */ = {isa = PBXFileReference; lastKnownFileType = sourcecode.c.h; path = SparsePermutation.h; sourceTree = "<group>"; };
		72E9818A1F0ABD3A006E1F9B /* SparseProduct.h */ = {isa = PBXFileReference; lastKnownFileType = sourcecode.c.h; path = SparseProduct.h; sourceTree = "<group>"; };
		72E9818B1F0ABD3A006E1F9B /* SparseRedux.h */ = {isa = PBXFileReference; lastKnownFileType = sourcecode.c.h; path = SparseRedux.h; sourceTree = "<group>"; };
		72E9818C1F0ABD3A006E1F9B /* SparseRef.h */ = {isa = PBXFileReference; lastKnownFileType = sourcecode.c.h; path = SparseRef.h; sourceTree = "<group>"; };
		72E9818D1F0ABD3A006E1F9B /* SparseSelfAdjointView.h */ = {isa = PBXFileReference; lastKnownFileType = sourcecode.c.h; path = SparseSelfAdjointView.h; sourceTree = "<group>"; };
		72E9818E1F0ABD3A006E1F9B /* SparseSolverBase.h */ = {isa = PBXFileReference; lastKnownFileType = sourcecode.c.h; path = SparseSolverBase.h; sourceTree = "<group>"; };
		72E9818F1F0ABD3A006E1F9B /* SparseSparseProductWithPruning.h */ = {isa = PBXFileReference; lastKnownFileType = sourcecode.c.h; path = SparseSparseProductWithPruning.h; sourceTree = "<group>"; };
		72E981901F0ABD3A006E1F9B /* SparseTranspose.h */ = {isa = PBXFileReference; lastKnownFileType = sourcecode.c.h; path = SparseTranspose.h; sourceTree = "<group>"; };
		72E981911F0ABD3A006E1F9B /* SparseTriangularView.h */ = {isa = PBXFileReference; lastKnownFileType = sourcecode.c.h; path = SparseTriangularView.h; sourceTree = "<group>"; };
		72E981921F0ABD3A006E1F9B /* SparseUtil.h */ = {isa = PBXFileReference; lastKnownFileType = sourcecode.c.h; path = SparseUtil.h; sourceTree = "<group>"; };
		72E981931F0ABD3A006E1F9B /* SparseVector.h */ = {isa = PBXFileReference; lastKnownFileType = sourcecode.c.h; path = SparseVector.h; sourceTree = "<group>"; };
		72E981941F0ABD3A006E1F9B /* SparseView.h */ = {isa = PBXFileReference; lastKnownFileType = sourcecode.c.h; path = SparseView.h; sourceTree = "<group>"; };
		72E981951F0ABD3A006E1F9B /* TriangularSolver.h */ = {isa = PBXFileReference; lastKnownFileType = sourcecode.c.h; path = TriangularSolver.h; sourceTree = "<group>"; };
		72E981971F0ABD3A006E1F9B /* CMakeLists.txt */ = {isa = PBXFileReference; lastKnownFileType = text; path = CMakeLists.txt; sourceTree = "<group>"; };
		72E981981F0ABD3A006E1F9B /* SparseLU.h */ = {isa = PBXFileReference; lastKnownFileType = sourcecode.c.h; path = SparseLU.h; sourceTree = "<group>"; };
		72E981991F0ABD3A006E1F9B /* SparseLU_column_bmod.h */ = {isa = PBXFileReference; lastKnownFileType = sourcecode.c.h; path = SparseLU_column_bmod.h; sourceTree = "<group>"; };
		72E9819A1F0ABD3A006E1F9B /* SparseLU_column_dfs.h */ = {isa = PBXFileReference; lastKnownFileType = sourcecode.c.h; path = SparseLU_column_dfs.h; sourceTree = "<group>"; };
		72E9819B1F0ABD3A006E1F9B /* SparseLU_copy_to_ucol.h */ = {isa = PBXFileReference; lastKnownFileType = sourcecode.c.h; path = SparseLU_copy_to_ucol.h; sourceTree = "<group>"; };
		72E9819C1F0ABD3A006E1F9B /* SparseLU_gemm_kernel.h */ = {isa = PBXFileReference; lastKnownFileType = sourcecode.c.h; path = SparseLU_gemm_kernel.h; sourceTree = "<group>"; };
		72E9819D1F0ABD3A006E1F9B /* SparseLU_heap_relax_snode.h */ = {isa = PBXFileReference; lastKnownFileType = sourcecode.c.h; path = SparseLU_heap_relax_snode.h; sourceTree = "<group>"; };
		72E9819E1F0ABD3A006E1F9B /* SparseLU_kernel_bmod.h */ = {isa = PBXFileReference; lastKnownFileType = sourcecode.c.h; path = SparseLU_kernel_bmod.h; sourceTree = "<group>"; };
		72E9819F1F0ABD3A006E1F9B /* SparseLU_Memory.h */ = {isa = PBXFileReference; lastKnownFileType = sourcecode.c.h; path = SparseLU_Memory.h; sourceTree = "<group>"; };
		72E981A01F0ABD3A006E1F9B /* SparseLU_panel_bmod.h */ = {isa = PBXFileReference; lastKnownFileType = sourcecode.c.h; path = SparseLU_panel_bmod.h; sourceTree = "<group>"; };
		72E981A11F0ABD3A006E1F9B /* SparseLU_panel_dfs.h */ = {isa = PBXFileReference; lastKnownFileType = sourcecode.c.h; path = SparseLU_panel_dfs.h; sourceTree = "<group>"; };
		72E981A21F0ABD3A006E1F9B /* SparseLU_pivotL.h */ = {isa = PBXFileReference; lastKnownFileType = sourcecode.c.h; path = SparseLU_pivotL.h; sourceTree = "<group>"; };
		72E981A31F0ABD3A006E1F9B /* SparseLU_pruneL.h */ = {isa = PBXFileReference; lastKnownFileType = sourcecode.c.h; path = SparseLU_pruneL.h; sourceTree = "<group>"; };
		72E981A41F0ABD3A006E1F9B /* SparseLU_relax_snode.h */ = {isa = PBXFileReference; lastKnownFileType = sourcecode.c.h; path = SparseLU_relax_snode.h; sourceTree = "<group>"; };
		72E981A51F0ABD3A006E1F9B /* SparseLU_Structs.h */ = {isa = PBXFileReference; lastKnownFileType = sourcecode.c.h; path = SparseLU_Structs.h; sourceTree = "<group>"; };
		72E981A61F0ABD3A006E1F9B /* SparseLU_SupernodalMatrix.h */ = {isa = PBXFileReference; lastKnownFileType = sourcecode.c.h; path = SparseLU_SupernodalMatrix.h; sourceTree = "<group>"; };
		72E981A71F0ABD3A006E1F9B /* SparseLU_Utils.h */ = {isa = PBXFileReference; lastKnownFileType = sourcecode.c.h; path = SparseLU_Utils.h; sourceTree = "<group>"; };
		72E981A81F0ABD3A006E1F9B /* SparseLUImpl.h */ = {isa = PBXFileReference; lastKnownFileType = sourcecode.c.h; path = SparseLUImpl.h; sourceTree = "<group>"; };
		72E981AA1F0ABD3A006E1F9B /* CMakeLists.txt */ = {isa = PBXFileReference; lastKnownFileType = text; path = CMakeLists.txt; sourceTree = "<group>"; };
		72E981AB1F0ABD3A006E1F9B /* SparseQR.h */ = {isa = PBXFileReference; lastKnownFileType = sourcecode.c.h; path = SparseQR.h; sourceTree = "<group>"; };
		72E981AD1F0ABD3A006E1F9B /* CMakeLists.txt */ = {isa = PBXFileReference; lastKnownFileType = text; path = CMakeLists.txt; sourceTree = "<group>"; };
		72E981AE1F0ABD3A006E1F9B /* SuiteSparseQRSupport.h */ = {isa = PBXFileReference; lastKnownFileType = sourcecode.c.h; path = SuiteSparseQRSupport.h; sourceTree = "<group>"; };
		72E981B01F0ABD3A006E1F9B /* CMakeLists.txt */ = {isa = PBXFileReference; lastKnownFileType = text; path = CMakeLists.txt; sourceTree = "<group>"; };
		72E981B11F0ABD3A006E1F9B /* details.h */ = {isa = PBXFileReference; lastKnownFileType = sourcecode.c.h; path = details.h; sourceTree = "<group>"; };
		72E981B21F0ABD3A006E1F9B /* StdDeque.h */ = {isa = PBXFileReference; lastKnownFileType = sourcecode.c.h; path = StdDeque.h; sourceTree = "<group>"; };
		72E981B31F0ABD3A006E1F9B /* StdList.h */ = {isa = PBXFileReference; lastKnownFileType = sourcecode.c.h; path = StdList.h; sourceTree = "<group>"; };
		72E981B41F0ABD3A006E1F9B /* StdVector.h */ = {isa = PBXFileReference; lastKnownFileType = sourcecode.c.h; path = StdVector.h; sourceTree = "<group>"; };
		72E981B61F0ABD3A006E1F9B /* CMakeLists.txt */ = {isa = PBXFileReference; lastKnownFileType = text; path = CMakeLists.txt; sourceTree = "<group>"; };
		72E981B71F0ABD3A006E1F9B /* SuperLUSupport.h */ = {isa = PBXFileReference; lastKnownFileType = sourcecode.c.h; path = SuperLUSupport.h; sourceTree = "<group>"; };
		72E981B91F0ABD3A006E1F9B /* BDCSVD.h */ = {isa = PBXFileReference; lastKnownFileType = sourcecode.c.h; path = BDCSVD.h; sourceTree = "<group>"; };
		72E981BA1F0ABD3A006E1F9B /* CMakeLists.txt */ = {isa = PBXFileReference; lastKnownFileType = text; path = CMakeLists.txt; sourceTree = "<group>"; };
		72E981BB1F0ABD3A006E1F9B /* JacobiSVD.h */ = {isa = PBXFileReference; lastKnownFileType = sourcecode.c.h; path = JacobiSVD.h; sourceTree = "<group>"; };
		72E981BC1F0ABD3A006E1F9B /* JacobiSVD_MKL.h */ = {isa = PBXFileReference; lastKnownFileType = sourcecode.c.h; path = JacobiSVD_MKL.h; sourceTree = "<group>"; };
		72E981BD1F0ABD3A006E1F9B /* SVDBase.h */ = {isa = PBXFileReference; lastKnownFileType = sourcecode.c.h; path = SVDBase.h; sourceTree = "<group>"; };
		72E981BE1F0ABD3A006E1F9B /* UpperBidiagonalization.h */ = {isa = PBXFileReference; lastKnownFileType = sourcecode.c.h; path = UpperBidiagonalization.h; sourceTree = "<group>"; };
		72E981C01F0ABD3A006E1F9B /* CMakeLists.txt */ = {isa = PBXFileReference; lastKnownFileType = text; path = CMakeLists.txt; sourceTree = "<group>"; };
		72E981C11F0ABD3A006E1F9B /* UmfPackSupport.h */ = {isa = PBXFileReference; lastKnownFileType = sourcecode.c.h; path = UmfPackSupport.h; sourceTree = "<group>"; };
		72E981C21F0ABD3A006E1F9B /* StdDeque */ = {isa = PBXFileReference; lastKnownFileType = text; path = StdDeque; sourceTree = "<group>"; };
		72E981C31F0ABD3A006E1F9B /* StdList */ = {isa = PBXFileReference; lastKnownFileType = text; path = StdList; sourceTree = "<group>"; };
		72E981C41F0ABD3A006E1F9B /* StdVector */ = {isa = PBXFileReference; lastKnownFileType = text; path = StdVector; sourceTree = "<group>"; };
		72E981C51F0ABD3A006E1F9B /* SuperLUSupport */ = {isa = PBXFileReference; lastKnownFileType = text; path = SuperLUSupport; sourceTree = "<group>"; };
		72E981C61F0ABD3A006E1F9B /* SVD */ = {isa = PBXFileReference; lastKnownFileType = text; path = SVD; sourceTree = "<group>"; };
		72E981C71F0ABD3A006E1F9B /* UmfPackSupport */ = {isa = PBXFileReference; lastKnownFileType = text; path = UmfPackSupport; sourceTree = "<group>"; };
		72E981C81F0AC7BC006E1F9B /* array_utils.hpp */ = {isa = PBXFileReference; lastKnownFileType = sourcecode.cpp.h; path = array_utils.hpp; sourceTree = "<group>"; };
		72E981C91F0AC7D5006E1F9B /* macros.hpp */ = {isa = PBXFileReference; lastKnownFileType = sourcecode.cpp.h; path = macros.hpp; sourceTree = "<group>"; };
/* End PBXFileReference section */

/* Begin PBXFrameworksBuildPhase section */
		72E01C621EB554200038A2B9 /* Frameworks */ = {
			isa = PBXFrameworksBuildPhase;
			buildActionMask = 2147483647;
			files = (
			);
			runOnlyForDeploymentPostprocessing = 0;
		};
/* End PBXFrameworksBuildPhase section */

/* Begin PBXGroup section */
		72E01C5C1EB554200038A2B9 = {
			isa = PBXGroup;
			children = (
				72E01C671EB554200038A2B9 /* Compress */,
				72E01C661EB554200038A2B9 /* Products */,
			);
			sourceTree = "<group>";
		};
		72E01C661EB554200038A2B9 /* Products */ = {
			isa = PBXGroup;
			children = (
				72E01C651EB554200038A2B9 /* Compress */,
			);
			name = Products;
			sourceTree = "<group>";
		};
		72E01C671EB554200038A2B9 /* Compress */ = {
			isa = PBXGroup;
			children = (
				72E01C681EB554200038A2B9 /* main.cpp */,
				72E01C6F1EB554770038A2B9 /* signal.hpp */,
				72E980591F0AB132006E1F9B /* sprintz.h */,
				72E9805A1F0AB147006E1F9B /* debug_utils.hpp */,
				72E9805B1F0AB147006E1F9B /* timing_utils.hpp */,
				72E9805C1F0AB33B006E1F9B /* test_sprintz.cpp */,
				72E9805E1F0AB358006E1F9B /* catch.hpp */,
				72E981C81F0AC7BC006E1F9B /* array_utils.hpp */,
				72E981C91F0AC7D5006E1F9B /* macros.hpp */,
				72E9805F1F0ABD3A006E1F9B /* eigen */,
			);
			path = Compress;
			sourceTree = "<group>";
		};
		72E9805F1F0ABD3A006E1F9B /* eigen */ = {
			isa = PBXGroup;
			children = (
				72E980601F0ABD3A006E1F9B /* Cholesky */,
				72E980611F0ABD3A006E1F9B /* CholmodSupport */,
				72E980621F0ABD3A006E1F9B /* CMakeLists.txt */,
				72E980631F0ABD3A006E1F9B /* Core */,
				72E980641F0ABD3A006E1F9B /* Dense */,
				72E980651F0ABD3A006E1F9B /* Eigen */,
				72E980661F0ABD3A006E1F9B /* Eigenvalues */,
				72E980671F0ABD3A006E1F9B /* Geometry */,
				72E980681F0ABD3A006E1F9B /* Householder */,
				72E980691F0ABD3A006E1F9B /* IterativeLinearSolvers */,
				72E9806A1F0ABD3A006E1F9B /* Jacobi */,
				72E9806B1F0ABD3A006E1F9B /* LU */,
				72E9806C1F0ABD3A006E1F9B /* MetisSupport */,
				72E9806D1F0ABD3A006E1F9B /* OrderingMethods */,
				72E9806E1F0ABD3A006E1F9B /* PardisoSupport */,
				72E9806F1F0ABD3A006E1F9B /* PaStiXSupport */,
				72E980701F0ABD3A006E1F9B /* QR */,
				72E980711F0ABD3A006E1F9B /* QtAlignedMalloc */,
				72E980721F0ABD3A006E1F9B /* Sparse */,
				72E980731F0ABD3A006E1F9B /* SparseCholesky */,
				72E980741F0ABD3A006E1F9B /* SparseCore */,
				72E980751F0ABD3A006E1F9B /* SparseLU */,
				72E980761F0ABD3A006E1F9B /* SparseQR */,
				72E980771F0ABD3A006E1F9B /* SPQRSupport */,
				72E980781F0ABD3A006E1F9B /* src */,
				72E981C21F0ABD3A006E1F9B /* StdDeque */,
				72E981C31F0ABD3A006E1F9B /* StdList */,
				72E981C41F0ABD3A006E1F9B /* StdVector */,
				72E981C51F0ABD3A006E1F9B /* SuperLUSupport */,
				72E981C61F0ABD3A006E1F9B /* SVD */,
				72E981C71F0ABD3A006E1F9B /* UmfPackSupport */,
			);
			path = eigen;
			sourceTree = "<group>";
		};
		72E980781F0ABD3A006E1F9B /* src */ = {
			isa = PBXGroup;
			children = (
				72E980791F0ABD3A006E1F9B /* Cholesky */,
				72E9807E1F0ABD3A006E1F9B /* CholmodSupport */,
				72E980811F0ABD3A006E1F9B /* CMakeLists.txt */,
				72E980821F0ABD3A006E1F9B /* Core */,
				72E981101F0ABD3A006E1F9B /* Eigenvalues */,
				72E981201F0ABD3A006E1F9B /* Geometry */,
				72E981331F0ABD3A006E1F9B /* Householder */,
				72E981381F0ABD3A006E1F9B /* IterativeLinearSolvers */,
				72E981421F0ABD3A006E1F9B /* Jacobi */,
				72E981451F0ABD3A006E1F9B /* LU */,
				72E9814F1F0ABD3A006E1F9B /* MetisSupport */,
				72E981521F0ABD3A006E1F9B /* misc */,
				72E981571F0ABD3A006E1F9B /* OrderingMethods */,
				72E9815C1F0ABD3A006E1F9B /* PardisoSupport */,
				72E9815F1F0ABD3A006E1F9B /* PaStiXSupport */,
				72E981621F0ABD3A006E1F9B /* plugins */,
				72E9816B1F0ABD3A006E1F9B /* QR */,
				72E981721F0ABD3A006E1F9B /* SparseCholesky */,
				72E981761F0ABD3A006E1F9B /* SparseCore */,
				72E981961F0ABD3A006E1F9B /* SparseLU */,
				72E981A91F0ABD3A006E1F9B /* SparseQR */,
				72E981AC1F0ABD3A006E1F9B /* SPQRSupport */,
				72E981AF1F0ABD3A006E1F9B /* StlSupport */,
				72E981B51F0ABD3A006E1F9B /* SuperLUSupport */,
				72E981B81F0ABD3A006E1F9B /* SVD */,
				72E981BF1F0ABD3A006E1F9B /* UmfPackSupport */,
			);
			path = src;
			sourceTree = "<group>";
		};
		72E980791F0ABD3A006E1F9B /* Cholesky */ = {
			isa = PBXGroup;
			children = (
				72E9807A1F0ABD3A006E1F9B /* CMakeLists.txt */,
				72E9807B1F0ABD3A006E1F9B /* LDLT.h */,
				72E9807C1F0ABD3A006E1F9B /* LLT.h */,
				72E9807D1F0ABD3A006E1F9B /* LLT_MKL.h */,
			);
			path = Cholesky;
			sourceTree = "<group>";
		};
		72E9807E1F0ABD3A006E1F9B /* CholmodSupport */ = {
			isa = PBXGroup;
			children = (
				72E9807F1F0ABD3A006E1F9B /* CholmodSupport.h */,
				72E980801F0ABD3A006E1F9B /* CMakeLists.txt */,
			);
			path = CholmodSupport;
			sourceTree = "<group>";
		};
		72E980821F0ABD3A006E1F9B /* Core */ = {
			isa = PBXGroup;
			children = (
				72E980831F0ABD3A006E1F9B /* arch */,
				72E980A21F0ABD3A006E1F9B /* Array.h */,
				72E980A31F0ABD3A006E1F9B /* ArrayBase.h */,
				72E980A41F0ABD3A006E1F9B /* ArrayWrapper.h */,
				72E980A51F0ABD3A006E1F9B /* Assign.h */,
				72E980A61F0ABD3A006E1F9B /* Assign_MKL.h */,
				72E980A71F0ABD3A006E1F9B /* AssignEvaluator.h */,
				72E980A81F0ABD3A006E1F9B /* BandMatrix.h */,
				72E980A91F0ABD3A006E1F9B /* Block.h */,
				72E980AA1F0ABD3A006E1F9B /* BooleanRedux.h */,
				72E980AB1F0ABD3A006E1F9B /* CMakeLists.txt */,
				72E980AC1F0ABD3A006E1F9B /* CommaInitializer.h */,
				72E980AD1F0ABD3A006E1F9B /* CoreEvaluators.h */,
				72E980AE1F0ABD3A006E1F9B /* CoreIterators.h */,
				72E980AF1F0ABD3A006E1F9B /* CwiseBinaryOp.h */,
				72E980B01F0ABD3A006E1F9B /* CwiseNullaryOp.h */,
				72E980B11F0ABD3A006E1F9B /* CwiseUnaryOp.h */,
				72E980B21F0ABD3A006E1F9B /* CwiseUnaryView.h */,
				72E980B31F0ABD3A006E1F9B /* DenseBase.h */,
				72E980B41F0ABD3A006E1F9B /* DenseCoeffsBase.h */,
				72E980B51F0ABD3A006E1F9B /* DenseStorage.h */,
				72E980B61F0ABD3A006E1F9B /* Diagonal.h */,
				72E980B71F0ABD3A006E1F9B /* DiagonalMatrix.h */,
				72E980B81F0ABD3A006E1F9B /* DiagonalProduct.h */,
				72E980B91F0ABD3A006E1F9B /* Dot.h */,
				72E980BA1F0ABD3A006E1F9B /* EigenBase.h */,
				72E980BB1F0ABD3A006E1F9B /* ForceAlignedAccess.h */,
				72E980BC1F0ABD3A006E1F9B /* functors */,
				72E980C31F0ABD3A006E1F9B /* Fuzzy.h */,
				72E980C41F0ABD3A006E1F9B /* GeneralProduct.h */,
				72E980C51F0ABD3A006E1F9B /* GenericPacketMath.h */,
				72E980C61F0ABD3A006E1F9B /* GlobalFunctions.h */,
				72E980C71F0ABD3A006E1F9B /* Inverse.h */,
				72E980C81F0ABD3A006E1F9B /* IO.h */,
				72E980C91F0ABD3A006E1F9B /* Map.h */,
				72E980CA1F0ABD3A006E1F9B /* MapBase.h */,
				72E980CB1F0ABD3A006E1F9B /* MathFunctions.h */,
				72E980CC1F0ABD3A006E1F9B /* Matrix.h */,
				72E980CD1F0ABD3A006E1F9B /* MatrixBase.h */,
				72E980CE1F0ABD3A006E1F9B /* NestByValue.h */,
				72E980CF1F0ABD3A006E1F9B /* NoAlias.h */,
				72E980D01F0ABD3A006E1F9B /* NumTraits.h */,
				72E980D11F0ABD3A006E1F9B /* PermutationMatrix.h */,
				72E980D21F0ABD3A006E1F9B /* PlainObjectBase.h */,
				72E980D31F0ABD3A006E1F9B /* Product.h */,
				72E980D41F0ABD3A006E1F9B /* ProductEvaluators.h */,
				72E980D51F0ABD3A006E1F9B /* products */,
				72E980EC1F0ABD3A006E1F9B /* Random.h */,
				72E980ED1F0ABD3A006E1F9B /* Redux.h */,
				72E980EE1F0ABD3A006E1F9B /* Ref.h */,
				72E980EF1F0ABD3A006E1F9B /* Replicate.h */,
				72E980F01F0ABD3A006E1F9B /* ReturnByValue.h */,
				72E980F11F0ABD3A006E1F9B /* Reverse.h */,
				72E980F21F0ABD3A006E1F9B /* Select.h */,
				72E980F31F0ABD3A006E1F9B /* SelfAdjointView.h */,
				72E980F41F0ABD3A006E1F9B /* SelfCwiseBinaryOp.h */,
				72E980F51F0ABD3A006E1F9B /* Solve.h */,
				72E980F61F0ABD3A006E1F9B /* SolverBase.h */,
				72E980F71F0ABD3A006E1F9B /* SolveTriangular.h */,
				72E980F81F0ABD3A006E1F9B /* SpecialFunctions.h */,
				72E980F91F0ABD3A006E1F9B /* StableNorm.h */,
				72E980FA1F0ABD3A006E1F9B /* Stride.h */,
				72E980FB1F0ABD3A006E1F9B /* Swap.h */,
				72E980FC1F0ABD3A006E1F9B /* Transpose.h */,
				72E980FD1F0ABD3A006E1F9B /* Transpositions.h */,
				72E980FE1F0ABD3A006E1F9B /* TriangularMatrix.h */,
				72E980FF1F0ABD3A006E1F9B /* util */,
				72E9810D1F0ABD3A006E1F9B /* VectorBlock.h */,
				72E9810E1F0ABD3A006E1F9B /* VectorwiseOp.h */,
				72E9810F1F0ABD3A006E1F9B /* Visitor.h */,
			);
			path = Core;
			sourceTree = "<group>";
		};
		72E980831F0ABD3A006E1F9B /* arch */ = {
			isa = PBXGroup;
			children = (
				72E980841F0ABD3A006E1F9B /* AltiVec */,
				72E980891F0ABD3A006E1F9B /* AVX */,
				72E9808F1F0ABD3A006E1F9B /* CMakeLists.txt */,
				72E980901F0ABD3A006E1F9B /* CUDA */,
				72E980941F0ABD3A006E1F9B /* Default */,
				72E980971F0ABD3A006E1F9B /* NEON */,
				72E9809C1F0ABD3A006E1F9B /* SSE */,
			);
			path = arch;
			sourceTree = "<group>";
		};
		72E980841F0ABD3A006E1F9B /* AltiVec */ = {
			isa = PBXGroup;
			children = (
				72E980851F0ABD3A006E1F9B /* CMakeLists.txt */,
				72E980861F0ABD3A006E1F9B /* Complex.h */,
				72E980871F0ABD3A006E1F9B /* MathFunctions.h */,
				72E980881F0ABD3A006E1F9B /* PacketMath.h */,
			);
			path = AltiVec;
			sourceTree = "<group>";
		};
		72E980891F0ABD3A006E1F9B /* AVX */ = {
			isa = PBXGroup;
			children = (
				72E9808A1F0ABD3A006E1F9B /* CMakeLists.txt */,
				72E9808B1F0ABD3A006E1F9B /* Complex.h */,
				72E9808C1F0ABD3A006E1F9B /* MathFunctions.h */,
				72E9808D1F0ABD3A006E1F9B /* PacketMath.h */,
				72E9808E1F0ABD3A006E1F9B /* TypeCasting.h */,
			);
			path = AVX;
			sourceTree = "<group>";
		};
		72E980901F0ABD3A006E1F9B /* CUDA */ = {
			isa = PBXGroup;
			children = (
				72E980911F0ABD3A006E1F9B /* CMakeLists.txt */,
				72E980921F0ABD3A006E1F9B /* MathFunctions.h */,
				72E980931F0ABD3A006E1F9B /* PacketMath.h */,
			);
			path = CUDA;
			sourceTree = "<group>";
		};
		72E980941F0ABD3A006E1F9B /* Default */ = {
			isa = PBXGroup;
			children = (
				72E980951F0ABD3A006E1F9B /* CMakeLists.txt */,
				72E980961F0ABD3A006E1F9B /* Settings.h */,
			);
			path = Default;
			sourceTree = "<group>";
		};
		72E980971F0ABD3A006E1F9B /* NEON */ = {
			isa = PBXGroup;
			children = (
				72E980981F0ABD3A006E1F9B /* CMakeLists.txt */,
				72E980991F0ABD3A006E1F9B /* Complex.h */,
				72E9809A1F0ABD3A006E1F9B /* MathFunctions.h */,
				72E9809B1F0ABD3A006E1F9B /* PacketMath.h */,
			);
			path = NEON;
			sourceTree = "<group>";
		};
		72E9809C1F0ABD3A006E1F9B /* SSE */ = {
			isa = PBXGroup;
			children = (
				72E9809D1F0ABD3A006E1F9B /* CMakeLists.txt */,
				72E9809E1F0ABD3A006E1F9B /* Complex.h */,
				72E9809F1F0ABD3A006E1F9B /* MathFunctions.h */,
				72E980A01F0ABD3A006E1F9B /* PacketMath.h */,
				72E980A11F0ABD3A006E1F9B /* TypeCasting.h */,
			);
			path = SSE;
			sourceTree = "<group>";
		};
		72E980BC1F0ABD3A006E1F9B /* functors */ = {
			isa = PBXGroup;
			children = (
				72E980BD1F0ABD3A006E1F9B /* AssignmentFunctors.h */,
				72E980BE1F0ABD3A006E1F9B /* BinaryFunctors.h */,
				72E980BF1F0ABD3A006E1F9B /* CMakeLists.txt */,
				72E980C01F0ABD3A006E1F9B /* NullaryFunctors.h */,
				72E980C11F0ABD3A006E1F9B /* StlFunctors.h */,
				72E980C21F0ABD3A006E1F9B /* UnaryFunctors.h */,
			);
			path = functors;
			sourceTree = "<group>";
		};
		72E980D51F0ABD3A006E1F9B /* products */ = {
			isa = PBXGroup;
			children = (
				72E980D61F0ABD3A006E1F9B /* CMakeLists.txt */,
				72E980D71F0ABD3A006E1F9B /* GeneralBlockPanelKernel.h */,
				72E980D81F0ABD3A006E1F9B /* GeneralMatrixMatrix.h */,
				72E980D91F0ABD3A006E1F9B /* GeneralMatrixMatrix_MKL.h */,
				72E980DA1F0ABD3A006E1F9B /* GeneralMatrixMatrixTriangular.h */,
				72E980DB1F0ABD3A006E1F9B /* GeneralMatrixMatrixTriangular_MKL.h */,
				72E980DC1F0ABD3A006E1F9B /* GeneralMatrixVector.h */,
				72E980DD1F0ABD3A006E1F9B /* GeneralMatrixVector_MKL.h */,
				72E980DE1F0ABD3A006E1F9B /* Parallelizer.h */,
				72E980DF1F0ABD3A006E1F9B /* SelfadjointMatrixMatrix.h */,
				72E980E01F0ABD3A006E1F9B /* SelfadjointMatrixMatrix_MKL.h */,
				72E980E11F0ABD3A006E1F9B /* SelfadjointMatrixVector.h */,
				72E980E21F0ABD3A006E1F9B /* SelfadjointMatrixVector_MKL.h */,
				72E980E31F0ABD3A006E1F9B /* SelfadjointProduct.h */,
				72E980E41F0ABD3A006E1F9B /* SelfadjointRank2Update.h */,
				72E980E51F0ABD3A006E1F9B /* TriangularMatrixMatrix.h */,
				72E980E61F0ABD3A006E1F9B /* TriangularMatrixMatrix_MKL.h */,
				72E980E71F0ABD3A006E1F9B /* TriangularMatrixVector.h */,
				72E980E81F0ABD3A006E1F9B /* TriangularMatrixVector_MKL.h */,
				72E980E91F0ABD3A006E1F9B /* TriangularSolverMatrix.h */,
				72E980EA1F0ABD3A006E1F9B /* TriangularSolverMatrix_MKL.h */,
				72E980EB1F0ABD3A006E1F9B /* TriangularSolverVector.h */,
			);
			path = products;
			sourceTree = "<group>";
		};
		72E980FF1F0ABD3A006E1F9B /* util */ = {
			isa = PBXGroup;
			children = (
				72E981001F0ABD3A006E1F9B /* BlasUtil.h */,
				72E981011F0ABD3A006E1F9B /* CMakeLists.txt */,
				72E981021F0ABD3A006E1F9B /* Constants.h */,
				72E981031F0ABD3A006E1F9B /* DisableStupidWarnings.h */,
				72E981041F0ABD3A006E1F9B /* ForwardDeclarations.h */,
				72E981051F0ABD3A006E1F9B /* Macros.h */,
				72E981061F0ABD3A006E1F9B /* Memory.h */,
				72E981071F0ABD3A006E1F9B /* Meta.h */,
				72E981081F0ABD3A006E1F9B /* MKL_support.h */,
				72E981091F0ABD3A006E1F9B /* NonMPL2.h */,
				72E9810A1F0ABD3A006E1F9B /* ReenableStupidWarnings.h */,
				72E9810B1F0ABD3A006E1F9B /* StaticAssert.h */,
				72E9810C1F0ABD3A006E1F9B /* XprHelper.h */,
			);
			path = util;
			sourceTree = "<group>";
		};
		72E981101F0ABD3A006E1F9B /* Eigenvalues */ = {
			isa = PBXGroup;
			children = (
				72E981111F0ABD3A006E1F9B /* CMakeLists.txt */,
				72E981121F0ABD3A006E1F9B /* ComplexEigenSolver.h */,
				72E981131F0ABD3A006E1F9B /* ComplexSchur.h */,
				72E981141F0ABD3A006E1F9B /* ComplexSchur_MKL.h */,
				72E981151F0ABD3A006E1F9B /* EigenSolver.h */,
				72E981161F0ABD3A006E1F9B /* GeneralizedEigenSolver.h */,
				72E981171F0ABD3A006E1F9B /* GeneralizedSelfAdjointEigenSolver.h */,
				72E981181F0ABD3A006E1F9B /* HessenbergDecomposition.h */,
				72E981191F0ABD3A006E1F9B /* MatrixBaseEigenvalues.h */,
				72E9811A1F0ABD3A006E1F9B /* RealQZ.h */,
				72E9811B1F0ABD3A006E1F9B /* RealSchur.h */,
				72E9811C1F0ABD3A006E1F9B /* RealSchur_MKL.h */,
				72E9811D1F0ABD3A006E1F9B /* SelfAdjointEigenSolver.h */,
				72E9811E1F0ABD3A006E1F9B /* SelfAdjointEigenSolver_MKL.h */,
				72E9811F1F0ABD3A006E1F9B /* Tridiagonalization.h */,
			);
			path = Eigenvalues;
			sourceTree = "<group>";
		};
		72E981201F0ABD3A006E1F9B /* Geometry */ = {
			isa = PBXGroup;
			children = (
				72E981211F0ABD3A006E1F9B /* AlignedBox.h */,
				72E981221F0ABD3A006E1F9B /* AngleAxis.h */,
				72E981231F0ABD3A006E1F9B /* arch */,
				72E981261F0ABD3A006E1F9B /* CMakeLists.txt */,
				72E981271F0ABD3A006E1F9B /* EulerAngles.h */,
				72E981281F0ABD3A006E1F9B /* Homogeneous.h */,
				72E981291F0ABD3A006E1F9B /* Hyperplane.h */,
				72E9812A1F0ABD3A006E1F9B /* OrthoMethods.h */,
				72E9812B1F0ABD3A006E1F9B /* ParametrizedLine.h */,
				72E9812C1F0ABD3A006E1F9B /* Quaternion.h */,
				72E9812D1F0ABD3A006E1F9B /* Rotation2D.h */,
				72E9812E1F0ABD3A006E1F9B /* RotationBase.h */,
				72E9812F1F0ABD3A006E1F9B /* Scaling.h */,
				72E981301F0ABD3A006E1F9B /* Transform.h */,
				72E981311F0ABD3A006E1F9B /* Translation.h */,
				72E981321F0ABD3A006E1F9B /* Umeyama.h */,
			);
			path = Geometry;
			sourceTree = "<group>";
		};
		72E981231F0ABD3A006E1F9B /* arch */ = {
			isa = PBXGroup;
			children = (
				72E981241F0ABD3A006E1F9B /* CMakeLists.txt */,
				72E981251F0ABD3A006E1F9B /* Geometry_SSE.h */,
			);
			path = arch;
			sourceTree = "<group>";
		};
		72E981331F0ABD3A006E1F9B /* Householder */ = {
			isa = PBXGroup;
			children = (
				72E981341F0ABD3A006E1F9B /* BlockHouseholder.h */,
				72E981351F0ABD3A006E1F9B /* CMakeLists.txt */,
				72E981361F0ABD3A006E1F9B /* Householder.h */,
				72E981371F0ABD3A006E1F9B /* HouseholderSequence.h */,
			);
			path = Householder;
			sourceTree = "<group>";
		};
		72E981381F0ABD3A006E1F9B /* IterativeLinearSolvers */ = {
			isa = PBXGroup;
			children = (
				72E981391F0ABD3A006E1F9B /* BasicPreconditioners.h */,
				72E9813A1F0ABD3A006E1F9B /* BiCGSTAB.h */,
				72E9813B1F0ABD3A006E1F9B /* CMakeLists.txt */,
				72E9813C1F0ABD3A006E1F9B /* ConjugateGradient.h */,
				72E9813D1F0ABD3A006E1F9B /* IncompleteCholesky.h */,
				72E9813E1F0ABD3A006E1F9B /* IncompleteLUT.h */,
				72E9813F1F0ABD3A006E1F9B /* IterativeSolverBase.h */,
				72E981401F0ABD3A006E1F9B /* LeastSquareConjugateGradient.h */,
				72E981411F0ABD3A006E1F9B /* SolveWithGuess.h */,
			);
			path = IterativeLinearSolvers;
			sourceTree = "<group>";
		};
		72E981421F0ABD3A006E1F9B /* Jacobi */ = {
			isa = PBXGroup;
			children = (
				72E981431F0ABD3A006E1F9B /* CMakeLists.txt */,
				72E981441F0ABD3A006E1F9B /* Jacobi.h */,
			);
			path = Jacobi;
			sourceTree = "<group>";
		};
		72E981451F0ABD3A006E1F9B /* LU */ = {
			isa = PBXGroup;
			children = (
				72E981461F0ABD3A006E1F9B /* arch */,
				72E981491F0ABD3A006E1F9B /* CMakeLists.txt */,
				72E9814A1F0ABD3A006E1F9B /* Determinant.h */,
				72E9814B1F0ABD3A006E1F9B /* FullPivLU.h */,
				72E9814C1F0ABD3A006E1F9B /* InverseImpl.h */,
				72E9814D1F0ABD3A006E1F9B /* PartialPivLU.h */,
				72E9814E1F0ABD3A006E1F9B /* PartialPivLU_MKL.h */,
			);
			path = LU;
			sourceTree = "<group>";
		};
		72E981461F0ABD3A006E1F9B /* arch */ = {
			isa = PBXGroup;
			children = (
				72E981471F0ABD3A006E1F9B /* CMakeLists.txt */,
				72E981481F0ABD3A006E1F9B /* Inverse_SSE.h */,
			);
			path = arch;
			sourceTree = "<group>";
		};
		72E9814F1F0ABD3A006E1F9B /* MetisSupport */ = {
			isa = PBXGroup;
			children = (
				72E981501F0ABD3A006E1F9B /* CMakeLists.txt */,
				72E981511F0ABD3A006E1F9B /* MetisSupport.h */,
			);
			path = MetisSupport;
			sourceTree = "<group>";
		};
		72E981521F0ABD3A006E1F9B /* misc */ = {
			isa = PBXGroup;
			children = (
				72E981531F0ABD3A006E1F9B /* blas.h */,
				72E981541F0ABD3A006E1F9B /* CMakeLists.txt */,
				72E981551F0ABD3A006E1F9B /* Image.h */,
				72E981561F0ABD3A006E1F9B /* Kernel.h */,
			);
			path = misc;
			sourceTree = "<group>";
		};
		72E981571F0ABD3A006E1F9B /* OrderingMethods */ = {
			isa = PBXGroup;
			children = (
				72E981581F0ABD3A006E1F9B /* Amd.h */,
				72E981591F0ABD3A006E1F9B /* CMakeLists.txt */,
				72E9815A1F0ABD3A006E1F9B /* Eigen_Colamd.h */,
				72E9815B1F0ABD3A006E1F9B /* Ordering.h */,
			);
			path = OrderingMethods;
			sourceTree = "<group>";
		};
		72E9815C1F0ABD3A006E1F9B /* PardisoSupport */ = {
			isa = PBXGroup;
			children = (
				72E9815D1F0ABD3A006E1F9B /* CMakeLists.txt */,
				72E9815E1F0ABD3A006E1F9B /* PardisoSupport.h */,
			);
			path = PardisoSupport;
			sourceTree = "<group>";
		};
		72E9815F1F0ABD3A006E1F9B /* PaStiXSupport */ = {
			isa = PBXGroup;
			children = (
				72E981601F0ABD3A006E1F9B /* CMakeLists.txt */,
				72E981611F0ABD3A006E1F9B /* PaStiXSupport.h */,
			);
			path = PaStiXSupport;
			sourceTree = "<group>";
		};
		72E981621F0ABD3A006E1F9B /* plugins */ = {
			isa = PBXGroup;
			children = (
				72E981631F0ABD3A006E1F9B /* ArrayCwiseBinaryOps.h */,
				72E981641F0ABD3A006E1F9B /* ArrayCwiseUnaryOps.h */,
				72E981651F0ABD3A006E1F9B /* BlockMethods.h */,
				72E981661F0ABD3A006E1F9B /* CMakeLists.txt */,
				72E981671F0ABD3A006E1F9B /* CommonCwiseBinaryOps.h */,
				72E981681F0ABD3A006E1F9B /* CommonCwiseUnaryOps.h */,
				72E981691F0ABD3A006E1F9B /* MatrixCwiseBinaryOps.h */,
				72E9816A1F0ABD3A006E1F9B /* MatrixCwiseUnaryOps.h */,
			);
			path = plugins;
			sourceTree = "<group>";
		};
		72E9816B1F0ABD3A006E1F9B /* QR */ = {
			isa = PBXGroup;
			children = (
				72E9816C1F0ABD3A006E1F9B /* CMakeLists.txt */,
				72E9816D1F0ABD3A006E1F9B /* ColPivHouseholderQR.h */,
				72E9816E1F0ABD3A006E1F9B /* ColPivHouseholderQR_MKL.h */,
				72E9816F1F0ABD3A006E1F9B /* FullPivHouseholderQR.h */,
				72E981701F0ABD3A006E1F9B /* HouseholderQR.h */,
				72E981711F0ABD3A006E1F9B /* HouseholderQR_MKL.h */,
			);
			path = QR;
			sourceTree = "<group>";
		};
		72E981721F0ABD3A006E1F9B /* SparseCholesky */ = {
			isa = PBXGroup;
			children = (
				72E981731F0ABD3A006E1F9B /* CMakeLists.txt */,
				72E981741F0ABD3A006E1F9B /* SimplicialCholesky.h */,
				72E981751F0ABD3A006E1F9B /* SimplicialCholesky_impl.h */,
			);
			path = SparseCholesky;
			sourceTree = "<group>";
		};
		72E981761F0ABD3A006E1F9B /* SparseCore */ = {
			isa = PBXGroup;
			children = (
				72E981771F0ABD3A006E1F9B /* AmbiVector.h */,
				72E981781F0ABD3A006E1F9B /* CMakeLists.txt */,
				72E981791F0ABD3A006E1F9B /* CompressedStorage.h */,
				72E9817A1F0ABD3A006E1F9B /* ConservativeSparseSparseProduct.h */,
				72E9817B1F0ABD3A006E1F9B /* MappedSparseMatrix.h */,
				72E9817C1F0ABD3A006E1F9B /* SparseAssign.h */,
				72E9817D1F0ABD3A006E1F9B /* SparseBlock.h */,
				72E9817E1F0ABD3A006E1F9B /* SparseColEtree.h */,
				72E9817F1F0ABD3A006E1F9B /* SparseCompressedBase.h */,
				72E981801F0ABD3A006E1F9B /* SparseCwiseBinaryOp.h */,
				72E981811F0ABD3A006E1F9B /* SparseCwiseUnaryOp.h */,
				72E981821F0ABD3A006E1F9B /* SparseDenseProduct.h */,
				72E981831F0ABD3A006E1F9B /* SparseDiagonalProduct.h */,
				72E981841F0ABD3A006E1F9B /* SparseDot.h */,
				72E981851F0ABD3A006E1F9B /* SparseFuzzy.h */,
				72E981861F0ABD3A006E1F9B /* SparseMap.h */,
				72E981871F0ABD3A006E1F9B /* SparseMatrix.h */,
				72E981881F0ABD3A006E1F9B /* SparseMatrixBase.h */,
				72E981891F0ABD3A006E1F9B /* SparsePermutation.h */,
				72E9818A1F0ABD3A006E1F9B /* SparseProduct.h */,
				72E9818B1F0ABD3A006E1F9B /* SparseRedux.h */,
				72E9818C1F0ABD3A006E1F9B /* SparseRef.h */,
				72E9818D1F0ABD3A006E1F9B /* SparseSelfAdjointView.h */,
				72E9818E1F0ABD3A006E1F9B /* SparseSolverBase.h */,
				72E9818F1F0ABD3A006E1F9B /* SparseSparseProductWithPruning.h */,
				72E981901F0ABD3A006E1F9B /* SparseTranspose.h */,
				72E981911F0ABD3A006E1F9B /* SparseTriangularView.h */,
				72E981921F0ABD3A006E1F9B /* SparseUtil.h */,
				72E981931F0ABD3A006E1F9B /* SparseVector.h */,
				72E981941F0ABD3A006E1F9B /* SparseView.h */,
				72E981951F0ABD3A006E1F9B /* TriangularSolver.h */,
			);
			path = SparseCore;
			sourceTree = "<group>";
		};
		72E981961F0ABD3A006E1F9B /* SparseLU */ = {
			isa = PBXGroup;
			children = (
				72E981971F0ABD3A006E1F9B /* CMakeLists.txt */,
				72E981981F0ABD3A006E1F9B /* SparseLU.h */,
				72E981991F0ABD3A006E1F9B /* SparseLU_column_bmod.h */,
				72E9819A1F0ABD3A006E1F9B /* SparseLU_column_dfs.h */,
				72E9819B1F0ABD3A006E1F9B /* SparseLU_copy_to_ucol.h */,
				72E9819C1F0ABD3A006E1F9B /* SparseLU_gemm_kernel.h */,
				72E9819D1F0ABD3A006E1F9B /* SparseLU_heap_relax_snode.h */,
				72E9819E1F0ABD3A006E1F9B /* SparseLU_kernel_bmod.h */,
				72E9819F1F0ABD3A006E1F9B /* SparseLU_Memory.h */,
				72E981A01F0ABD3A006E1F9B /* SparseLU_panel_bmod.h */,
				72E981A11F0ABD3A006E1F9B /* SparseLU_panel_dfs.h */,
				72E981A21F0ABD3A006E1F9B /* SparseLU_pivotL.h */,
				72E981A31F0ABD3A006E1F9B /* SparseLU_pruneL.h */,
				72E981A41F0ABD3A006E1F9B /* SparseLU_relax_snode.h */,
				72E981A51F0ABD3A006E1F9B /* SparseLU_Structs.h */,
				72E981A61F0ABD3A006E1F9B /* SparseLU_SupernodalMatrix.h */,
				72E981A71F0ABD3A006E1F9B /* SparseLU_Utils.h */,
				72E981A81F0ABD3A006E1F9B /* SparseLUImpl.h */,
			);
			path = SparseLU;
			sourceTree = "<group>";
		};
		72E981A91F0ABD3A006E1F9B /* SparseQR */ = {
			isa = PBXGroup;
			children = (
				72E981AA1F0ABD3A006E1F9B /* CMakeLists.txt */,
				72E981AB1F0ABD3A006E1F9B /* SparseQR.h */,
			);
			path = SparseQR;
			sourceTree = "<group>";
		};
		72E981AC1F0ABD3A006E1F9B /* SPQRSupport */ = {
			isa = PBXGroup;
			children = (
				72E981AD1F0ABD3A006E1F9B /* CMakeLists.txt */,
				72E981AE1F0ABD3A006E1F9B /* SuiteSparseQRSupport.h */,
			);
			path = SPQRSupport;
			sourceTree = "<group>";
		};
		72E981AF1F0ABD3A006E1F9B /* StlSupport */ = {
			isa = PBXGroup;
			children = (
				72E981B01F0ABD3A006E1F9B /* CMakeLists.txt */,
				72E981B11F0ABD3A006E1F9B /* details.h */,
				72E981B21F0ABD3A006E1F9B /* StdDeque.h */,
				72E981B31F0ABD3A006E1F9B /* StdList.h */,
				72E981B41F0ABD3A006E1F9B /* StdVector.h */,
			);
			path = StlSupport;
			sourceTree = "<group>";
		};
		72E981B51F0ABD3A006E1F9B /* SuperLUSupport */ = {
			isa = PBXGroup;
			children = (
				72E981B61F0ABD3A006E1F9B /* CMakeLists.txt */,
				72E981B71F0ABD3A006E1F9B /* SuperLUSupport.h */,
			);
			path = SuperLUSupport;
			sourceTree = "<group>";
		};
		72E981B81F0ABD3A006E1F9B /* SVD */ = {
			isa = PBXGroup;
			children = (
				72E981B91F0ABD3A006E1F9B /* BDCSVD.h */,
				72E981BA1F0ABD3A006E1F9B /* CMakeLists.txt */,
				72E981BB1F0ABD3A006E1F9B /* JacobiSVD.h */,
				72E981BC1F0ABD3A006E1F9B /* JacobiSVD_MKL.h */,
				72E981BD1F0ABD3A006E1F9B /* SVDBase.h */,
				72E981BE1F0ABD3A006E1F9B /* UpperBidiagonalization.h */,
			);
			path = SVD;
			sourceTree = "<group>";
		};
		72E981BF1F0ABD3A006E1F9B /* UmfPackSupport */ = {
			isa = PBXGroup;
			children = (
				72E981C01F0ABD3A006E1F9B /* CMakeLists.txt */,
				72E981C11F0ABD3A006E1F9B /* UmfPackSupport.h */,
			);
			path = UmfPackSupport;
			sourceTree = "<group>";
		};
/* End PBXGroup section */

/* Begin PBXNativeTarget section */
		72E01C641EB554200038A2B9 /* Compress */ = {
			isa = PBXNativeTarget;
			buildConfigurationList = 72E01C6C1EB554200038A2B9 /* Build configuration list for PBXNativeTarget "Compress" */;
			buildPhases = (
				72E01C611EB554200038A2B9 /* Sources */,
				72E01C621EB554200038A2B9 /* Frameworks */,
				72E01C631EB554200038A2B9 /* CopyFiles */,
			);
			buildRules = (
			);
			dependencies = (
			);
			name = Compress;
			productName = Compress;
			productReference = 72E01C651EB554200038A2B9 /* Compress */;
			productType = "com.apple.product-type.tool";
		};
/* End PBXNativeTarget section */

/* Begin PBXProject section */
		72E01C5D1EB554200038A2B9 /* Project object */ = {
			isa = PBXProject;
			attributes = {
				LastUpgradeCheck = 0830;
				ORGANIZATIONNAME = "D Blalock";
				TargetAttributes = {
					72E01C641EB554200038A2B9 = {
						CreatedOnToolsVersion = 8.3.2;
						DevelopmentTeam = DZDSDMCUYH;
						ProvisioningStyle = Automatic;
					};
				};
			};
			buildConfigurationList = 72E01C601EB554200038A2B9 /* Build configuration list for PBXProject "Compress" */;
			compatibilityVersion = "Xcode 3.2";
			developmentRegion = English;
			hasScannedForEncodings = 0;
			knownRegions = (
				en,
			);
			mainGroup = 72E01C5C1EB554200038A2B9;
			productRefGroup = 72E01C661EB554200038A2B9 /* Products */;
			projectDirPath = "";
			projectRoot = "";
			targets = (
				72E01C641EB554200038A2B9 /* Compress */,
			);
		};
/* End PBXProject section */

/* Begin PBXSourcesBuildPhase section */
		72E01C611EB554200038A2B9 /* Sources */ = {
			isa = PBXSourcesBuildPhase;
			buildActionMask = 2147483647;
			files = (
				72E9805D1F0AB33B006E1F9B /* test_sprintz.cpp in Sources */,
				72E01C691EB554200038A2B9 /* main.cpp in Sources */,
			);
			runOnlyForDeploymentPostprocessing = 0;
		};
/* End PBXSourcesBuildPhase section */

/* Begin XCBuildConfiguration section */
		72E01C6A1EB554200038A2B9 /* Debug */ = {
			isa = XCBuildConfiguration;
			buildSettings = {
				ALWAYS_SEARCH_USER_PATHS = NO;
				CLANG_ANALYZER_NONNULL = YES;
				CLANG_ANALYZER_NUMBER_OBJECT_CONVERSION = YES_AGGRESSIVE;
				CLANG_CXX_LANGUAGE_STANDARD = "gnu++0x";
				CLANG_CXX_LIBRARY = "libc++";
				CLANG_ENABLE_MODULES = YES;
				CLANG_ENABLE_OBJC_ARC = YES;
				CLANG_WARN_BOOL_CONVERSION = YES;
				CLANG_WARN_CONSTANT_CONVERSION = YES;
				CLANG_WARN_DIRECT_OBJC_ISA_USAGE = YES_ERROR;
				CLANG_WARN_DOCUMENTATION_COMMENTS = YES;
				CLANG_WARN_EMPTY_BODY = YES;
				CLANG_WARN_ENUM_CONVERSION = YES;
				CLANG_WARN_INFINITE_RECURSION = YES;
				CLANG_WARN_INT_CONVERSION = YES;
				CLANG_WARN_OBJC_ROOT_CLASS = YES_ERROR;
				CLANG_WARN_SUSPICIOUS_MOVE = YES;
				CLANG_WARN_UNREACHABLE_CODE = YES;
				CLANG_WARN__DUPLICATE_METHOD_MATCH = YES;
				CODE_SIGN_IDENTITY = "-";
				COPY_PHASE_STRIP = NO;
				DEBUG_INFORMATION_FORMAT = dwarf;
				ENABLE_STRICT_OBJC_MSGSEND = YES;
				ENABLE_TESTABILITY = YES;
				GCC_C_LANGUAGE_STANDARD = gnu99;
				GCC_DYNAMIC_NO_PIC = NO;
				GCC_NO_COMMON_BLOCKS = YES;
				GCC_OPTIMIZATION_LEVEL = 0;
				GCC_PREPROCESSOR_DEFINITIONS = (
					"DEBUG=1",
					"$(inherited)",
				);
				GCC_WARN_64_TO_32_BIT_CONVERSION = YES;
				GCC_WARN_ABOUT_RETURN_TYPE = YES_ERROR;
				GCC_WARN_UNDECLARED_SELECTOR = YES;
				GCC_WARN_UNINITIALIZED_AUTOS = YES_AGGRESSIVE;
				GCC_WARN_UNUSED_FUNCTION = YES;
				GCC_WARN_UNUSED_VARIABLE = YES;
				MACOSX_DEPLOYMENT_TARGET = 10.12;
				MTL_ENABLE_DEBUG_INFO = YES;
				ONLY_ACTIVE_ARCH = YES;
				OTHER_CFLAGS = "-march=native";
				SDKROOT = macosx;
			};
			name = Debug;
		};
		72E01C6B1EB554200038A2B9 /* Release */ = {
			isa = XCBuildConfiguration;
			buildSettings = {
				ALWAYS_SEARCH_USER_PATHS = NO;
				CLANG_ANALYZER_NONNULL = YES;
				CLANG_ANALYZER_NUMBER_OBJECT_CONVERSION = YES_AGGRESSIVE;
				CLANG_CXX_LANGUAGE_STANDARD = "gnu++0x";
				CLANG_CXX_LIBRARY = "libc++";
				CLANG_ENABLE_MODULES = YES;
				CLANG_ENABLE_OBJC_ARC = YES;
				CLANG_WARN_BOOL_CONVERSION = YES;
				CLANG_WARN_CONSTANT_CONVERSION = YES;
				CLANG_WARN_DIRECT_OBJC_ISA_USAGE = YES_ERROR;
				CLANG_WARN_DOCUMENTATION_COMMENTS = YES;
				CLANG_WARN_EMPTY_BODY = YES;
				CLANG_WARN_ENUM_CONVERSION = YES;
				CLANG_WARN_INFINITE_RECURSION = YES;
				CLANG_WARN_INT_CONVERSION = YES;
				CLANG_WARN_OBJC_ROOT_CLASS = YES_ERROR;
				CLANG_WARN_SUSPICIOUS_MOVE = YES;
				CLANG_WARN_UNREACHABLE_CODE = YES;
				CLANG_WARN__DUPLICATE_METHOD_MATCH = YES;
				CODE_SIGN_IDENTITY = "-";
				COPY_PHASE_STRIP = NO;
				DEBUG_INFORMATION_FORMAT = "dwarf-with-dsym";
				ENABLE_NS_ASSERTIONS = NO;
				ENABLE_STRICT_OBJC_MSGSEND = YES;
				GCC_C_LANGUAGE_STANDARD = gnu99;
				GCC_NO_COMMON_BLOCKS = YES;
				GCC_WARN_64_TO_32_BIT_CONVERSION = YES;
				GCC_WARN_ABOUT_RETURN_TYPE = YES_ERROR;
				GCC_WARN_UNDECLARED_SELECTOR = YES;
				GCC_WARN_UNINITIALIZED_AUTOS = YES_AGGRESSIVE;
				GCC_WARN_UNUSED_FUNCTION = YES;
				GCC_WARN_UNUSED_VARIABLE = YES;
				MACOSX_DEPLOYMENT_TARGET = 10.12;
				MTL_ENABLE_DEBUG_INFO = NO;
				OTHER_CFLAGS = "-march=native";
				SDKROOT = macosx;
			};
			name = Release;
		};
		72E01C6D1EB554200038A2B9 /* Debug */ = {
			isa = XCBuildConfiguration;
			buildSettings = {
				CLANG_WARN_DOCUMENTATION_COMMENTS = NO;
				DEVELOPMENT_TEAM = DZDSDMCUYH;
				GCC_OPTIMIZATION_LEVEL = 1;
				GCC_TREAT_WARNINGS_AS_ERRORS = YES;
				GCC_WARN_PEDANTIC = YES;
				OTHER_CFLAGS = "-march=native";
				OTHER_CPLUSPLUSFLAGS = "$(OTHER_CFLAGS)";
				PRODUCT_NAME = "$(TARGET_NAME)";
			};
			name = Debug;
		};
		72E01C6E1EB554200038A2B9 /* Release */ = {
			isa = XCBuildConfiguration;
			buildSettings = {
				CLANG_WARN_DOCUMENTATION_COMMENTS = NO;
				DEVELOPMENT_TEAM = DZDSDMCUYH;
				GCC_OPTIMIZATION_LEVEL = fast;
				GCC_TREAT_WARNINGS_AS_ERRORS = YES;
				GCC_WARN_PEDANTIC = YES;
				OTHER_CFLAGS = "-march=native";
				OTHER_CPLUSPLUSFLAGS = "$(OTHER_CFLAGS)";
				PRODUCT_NAME = "$(TARGET_NAME)";
			};
			name = Release;
		};
/* End XCBuildConfiguration section */

/* Begin XCConfigurationList section */
		72E01C601EB554200038A2B9 /* Build configuration list for PBXProject "Compress" */ = {
			isa = XCConfigurationList;
			buildConfigurations = (
				72E01C6A1EB554200038A2B9 /* Debug */,
				72E01C6B1EB554200038A2B9 /* Release */,
			);
			defaultConfigurationIsVisible = 0;
			defaultConfigurationName = Release;
		};
		72E01C6C1EB554200038A2B9 /* Build configuration list for PBXNativeTarget "Compress" */ = {
			isa = XCConfigurationList;
			buildConfigurations = (
				72E01C6D1EB554200038A2B9 /* Debug */,
				72E01C6E1EB554200038A2B9 /* Release */,
			);
			defaultConfigurationIsVisible = 0;
			defaultConfigurationName = Release;
		};
/* End XCConfigurationList section */
	};
	rootObject = 72E01C5D1EB554200038A2B9 /* Project object */;
}
